// !$*UTF8*$!
{
	archiveVersion = 1;
	classes = {
	};
	objectVersion = 46;
	objects = {

/* Begin PBXBuildFile section */
		39193C361AB9969800617804 /* Farseer_iOS.framework in Frameworks */ = {isa = PBXBuildFile; fileRef = 39193C2B1AB9969800617804 /* Farseer_iOS.framework */; };
		39193C3F1AB9969800617804 /* Farseer_iOSTests.m in Sources */ = {isa = PBXBuildFile; fileRef = 39193C3E1AB9969800617804 /* Farseer_iOSTests.m */; };
		39193C421AB9969800617804 /* Farseer_iOS.framework in Frameworks */ = {isa = PBXBuildFile; fileRef = 39193C2B1AB9969800617804 /* Farseer_iOS.framework */; };
		39193C431AB9969800617804 /* Farseer_iOS.framework in Embed Frameworks */ = {isa = PBXBuildFile; fileRef = 39193C2B1AB9969800617804 /* Farseer_iOS.framework */; settings = {ATTRIBUTES = (CodeSignOnCopy, RemoveHeadersOnCopy, ); }; };
		394AD6581A9D62F4007FD2D2 /* PeripheralTableViewController.m in Sources */ = {isa = PBXBuildFile; fileRef = 394AD6571A9D62F4007FD2D2 /* PeripheralTableViewController.m */; };
		3987802E1A9DAD7000D7397F /* LogViewController.m in Sources */ = {isa = PBXBuildFile; fileRef = 3987802D1A9DAD7000D7397F /* LogViewController.m */; };
		398DDFD01A80C63D0019BB12 /* main.m in Sources */ = {isa = PBXBuildFile; fileRef = 398DDFCF1A80C63D0019BB12 /* main.m */; };
		398DDFD31A80C63D0019BB12 /* AppDelegate.m in Sources */ = {isa = PBXBuildFile; fileRef = 398DDFD21A80C63D0019BB12 /* AppDelegate.m */; };
		398DDFDC1A80C63D0019BB12 /* Main.storyboard in Resources */ = {isa = PBXBuildFile; fileRef = 398DDFDA1A80C63D0019BB12 /* Main.storyboard */; };
		398DDFDE1A80C63D0019BB12 /* Images.xcassets in Resources */ = {isa = PBXBuildFile; fileRef = 398DDFDD1A80C63D0019BB12 /* Images.xcassets */; };
		398DDFE11A80C63D0019BB12 /* LaunchScreen.xib in Resources */ = {isa = PBXBuildFile; fileRef = 398DDFDF1A80C63D0019BB12 /* LaunchScreen.xib */; };
		398DDFED1A80C63D0019BB12 /* SLFarseer_iOSTests.m in Sources */ = {isa = PBXBuildFile; fileRef = 398DDFEC1A80C63D0019BB12 /* SLFarseer_iOSTests.m */; };
		398DE0201A80C7F10019BB12 /* MainViewController.m in Sources */ = {isa = PBXBuildFile; fileRef = 398DE01F1A80C7F10019BB12 /* MainViewController.m */; };
		399463EF1AB9A624009F927D /* Farseer_iOS.h in Headers */ = {isa = PBXBuildFile; fileRef = 39193C2F1AB9969800617804 /* Farseer_iOS.h */; settings = {ATTRIBUTES = (Public, ); }; };
		399463F01AB9A69A009F927D /* Farseer.h in Headers */ = {isa = PBXBuildFile; fileRef = 398DE0131A80C7760019BB12 /* Farseer.h */; settings = {ATTRIBUTES = (Public, ); }; };
		399463F11AB9A6BB009F927D /* FSBLECentralService.m in Sources */ = {isa = PBXBuildFile; fileRef = 392B86E71A9B4E7200B9F32A /* FSBLECentralService.m */; };
		399463F21AB9A78F009F927D /* FSBLECentralPackerFactory.m in Sources */ = {isa = PBXBuildFile; fileRef = 39D034D61AB99DE900132F0F /* FSBLECentralPackerFactory.m */; };
		399463F31AB9A7A0009F927D /* FSPackageIn.mm in Sources */ = {isa = PBXBuildFile; fileRef = 392B86D61A9B4E4D00B9F32A /* FSPackageIn.mm */; };
		399463F41AB9A7DD009F927D /* FSBLEResSyncLogPacker.m in Sources */ = {isa = PBXBuildFile; fileRef = 392A9CE51A9C521B00F3C8F8 /* FSBLEResSyncLogPacker.m */; };
		399463F51AB9A7DD009F927D /* FSBLEResSyncDataPacker.m in Sources */ = {isa = PBXBuildFile; fileRef = 39A7D3841AB7C12300D727A5 /* FSBLEResSyncDataPacker.m */; };
		399463F61AB9A803009F927D /* FSInitBLEPacker.m in Sources */ = {isa = PBXBuildFile; fileRef = 392B86DA1A9B4E5A00B9F32A /* FSInitBLEPacker.m */; };
		399463F71AB9A812009F927D /* FSCentralClient.m in Sources */ = {isa = PBXBuildFile; fileRef = 392B86E91A9B4E7200B9F32A /* FSCentralClient.m */; };
		399463F81AB9A824009F927D /* FSBLEUtilities.mm in Sources */ = {isa = PBXBuildFile; fileRef = 392B86D41A9B4E4D00B9F32A /* FSBLEUtilities.mm */; };
		399463F91AB9A83F009F927D /* UIKit.framework in Frameworks */ = {isa = PBXBuildFile; fileRef = 39D034E21AB9A3EE00132F0F /* UIKit.framework */; };
		39A6170A1AA841780058574E /* DirViewController.m in Sources */ = {isa = PBXBuildFile; fileRef = 39A617091AA841780058574E /* DirViewController.m */; };
		39CE6A3C1A9DF8A9005E626C /* LogTableViewCell.m in Sources */ = {isa = PBXBuildFile; fileRef = 39CE6A3B1A9DF8A9005E626C /* LogTableViewCell.m */; };
		39CF61BD1AA2CDC800C51434 /* TracksView.m in Sources */ = {isa = PBXBuildFile; fileRef = 39CF61BC1AA2CDC800C51434 /* TracksView.m */; };
		39D034BC1AB99C0500132F0F /* Farseer.m in Sources */ = {isa = PBXBuildFile; fileRef = 398DE0141A80C7760019BB12 /* Farseer.m */; };
		39D034BD1AB99C3D00132F0F /* FSUtilities.m in Sources */ = {isa = PBXBuildFile; fileRef = 39193BF11AB977DF00617804 /* FSUtilities.m */; };
		39D034C01AB99C5000132F0F /* FSDebugCentral.m in Sources */ = {isa = PBXBuildFile; fileRef = 398DE0121A80C7760019BB12 /* FSDebugCentral.m */; };
		39D034C11AB99C6800132F0F /* FSLogManager.m in Sources */ = {isa = PBXBuildFile; fileRef = 398DE0161A80C7760019BB12 /* FSLogManager.m */; };
		39D034C31AB99C7000132F0F /* FSLogManager+Peripheral.m in Sources */ = {isa = PBXBuildFile; fileRef = 39193BF71AB97AFE00617804 /* FSLogManager+Peripheral.m */; };
		39D034C41AB99C7C00132F0F /* FSTransportManager.m in Sources */ = {isa = PBXBuildFile; fileRef = 39A7D38A1AB7DB1500D727A5 /* FSTransportManager.m */; };
		39D034C81AB99CE500132F0F /* FSBLELog.m in Sources */ = {isa = PBXBuildFile; fileRef = 3912EAC71A9DC75F00718F9A /* FSBLELog.m */; };
		39D034CA1AB99CE900132F0F /* FSBLELogInfo.m in Sources */ = {isa = PBXBuildFile; fileRef = 39EC51361A9EC454004D5484 /* FSBLELogInfo.m */; };
		39D034CC1AB99D0100132F0F /* FSBLEUtilities.h in Headers */ = {isa = PBXBuildFile; fileRef = 392B86D31A9B4E4D00B9F32A /* FSBLEUtilities.h */; };
		39D034CF1AB99D0B00132F0F /* FSPackageIn.mm in Sources */ = {isa = PBXBuildFile; fileRef = 392B86D61A9B4E4D00B9F32A /* FSPackageIn.mm */; };
		39D034DB1AB9A10500132F0F /* FSBLEPeripheralService.m in Sources */ = {isa = PBXBuildFile; fileRef = 392B86E11A9B4E6800B9F32A /* FSBLEPeripheralService.m */; };
		39D034DC1AB9A10800132F0F /* FSPeripheralClient.m in Sources */ = {isa = PBXBuildFile; fileRef = 392B86E31A9B4E6800B9F32A /* FSPeripheralClient.m */; };
		39D034DD1AB9A19200132F0F /* FSBLEPeripheralPackerFactory.m in Sources */ = {isa = PBXBuildFile; fileRef = 392B86DC1A9B4E5A00B9F32A /* FSBLEPeripheralPackerFactory.m */; };
		39D034DE1AB9A1F900132F0F /* FSBLEUtilities.mm in Sources */ = {isa = PBXBuildFile; fileRef = 392B86D41A9B4E4D00B9F32A /* FSBLEUtilities.mm */; };
		39D034E01AB9A26600132F0F /* FSBLEReqSyncLogPacker.m in Sources */ = {isa = PBXBuildFile; fileRef = 3912EAC31A9DC4C200718F9A /* FSBLEReqSyncLogPacker.m */; };
		39D034E11AB9A27000132F0F /* FSBLEBaseReqPacker.m in Sources */ = {isa = PBXBuildFile; fileRef = 39A7D3871AB7CE4500D727A5 /* FSBLEBaseReqPacker.m */; };
		39D034E31AB9A3EE00132F0F /* UIKit.framework in Frameworks */ = {isa = PBXBuildFile; fileRef = 39D034E21AB9A3EE00132F0F /* UIKit.framework */; };
		39D035121AB9A4A600132F0F /* Farseer_Remote_iOS.h in Headers */ = {isa = PBXBuildFile; fileRef = 39D035111AB9A4A600132F0F /* Farseer_Remote_iOS.h */; settings = {ATTRIBUTES = (Public, ); }; };
		39D035181AB9A4A600132F0F /* Farseer_Remote_iOS.framework in Frameworks */ = {isa = PBXBuildFile; fileRef = 39D0350D1AB9A4A600132F0F /* Farseer_Remote_iOS.framework */; };
		39D035211AB9A4A600132F0F /* Farseer_Remote_iOSTests.m in Sources */ = {isa = PBXBuildFile; fileRef = 39D035201AB9A4A600132F0F /* Farseer_Remote_iOSTests.m */; };
		39D035241AB9A4A600132F0F /* Farseer_Remote_iOS.framework in Frameworks */ = {isa = PBXBuildFile; fileRef = 39D0350D1AB9A4A600132F0F /* Farseer_Remote_iOS.framework */; };
		39D035251AB9A4A600132F0F /* Farseer_Remote_iOS.framework in Embed Frameworks */ = {isa = PBXBuildFile; fileRef = 39D0350D1AB9A4A600132F0F /* Farseer_Remote_iOS.framework */; settings = {ATTRIBUTES = (CodeSignOnCopy, RemoveHeadersOnCopy, ); }; };
/* End PBXBuildFile section */

/* Begin PBXContainerItemProxy section */
		39193C371AB9969800617804 /* PBXContainerItemProxy */ = {
			isa = PBXContainerItemProxy;
			containerPortal = 398DDFC21A80C63D0019BB12 /* Project object */;
			proxyType = 1;
			remoteGlobalIDString = 39193C2A1AB9969800617804;
			remoteInfo = Farseer_iOS;
		};
		39193C391AB9969800617804 /* PBXContainerItemProxy */ = {
			isa = PBXContainerItemProxy;
			containerPortal = 398DDFC21A80C63D0019BB12 /* Project object */;
			proxyType = 1;
			remoteGlobalIDString = 398DDFC91A80C63D0019BB12;
			remoteInfo = SLFarseer_iOS;
		};
		39193C401AB9969800617804 /* PBXContainerItemProxy */ = {
			isa = PBXContainerItemProxy;
			containerPortal = 398DDFC21A80C63D0019BB12 /* Project object */;
			proxyType = 1;
			remoteGlobalIDString = 39193C2A1AB9969800617804;
			remoteInfo = Farseer_iOS;
		};
		398DDFE71A80C63D0019BB12 /* PBXContainerItemProxy */ = {
			isa = PBXContainerItemProxy;
			containerPortal = 398DDFC21A80C63D0019BB12 /* Project object */;
			proxyType = 1;
			remoteGlobalIDString = 398DDFC91A80C63D0019BB12;
			remoteInfo = SLFarseer_iOS;
		};
		39D035191AB9A4A600132F0F /* PBXContainerItemProxy */ = {
			isa = PBXContainerItemProxy;
			containerPortal = 398DDFC21A80C63D0019BB12 /* Project object */;
			proxyType = 1;
			remoteGlobalIDString = 39D0350C1AB9A4A600132F0F;
			remoteInfo = Farseer_Remote_iOS;
		};
		39D0351B1AB9A4A600132F0F /* PBXContainerItemProxy */ = {
			isa = PBXContainerItemProxy;
			containerPortal = 398DDFC21A80C63D0019BB12 /* Project object */;
			proxyType = 1;
			remoteGlobalIDString = 398DDFC91A80C63D0019BB12;
			remoteInfo = SLFarseer_iOS;
		};
		39D035221AB9A4A600132F0F /* PBXContainerItemProxy */ = {
			isa = PBXContainerItemProxy;
			containerPortal = 398DDFC21A80C63D0019BB12 /* Project object */;
			proxyType = 1;
			remoteGlobalIDString = 39D0350C1AB9A4A600132F0F;
			remoteInfo = Farseer_Remote_iOS;
		};
/* End PBXContainerItemProxy section */

/* Begin PBXCopyFilesBuildPhase section */
		39193C1A1AB9955400617804 /* Embed Frameworks */ = {
			isa = PBXCopyFilesBuildPhase;
			buildActionMask = 2147483647;
			dstPath = "";
			dstSubfolderSpec = 10;
			files = (
				39193C431AB9969800617804 /* Farseer_iOS.framework in Embed Frameworks */,
				39D035251AB9A4A600132F0F /* Farseer_Remote_iOS.framework in Embed Frameworks */,
			);
			name = "Embed Frameworks";
			runOnlyForDeploymentPostprocessing = 0;
		};
/* End PBXCopyFilesBuildPhase section */

/* Begin PBXFileReference section */
		3912EAC21A9DC4C200718F9A /* FSBLEReqSyncLogPacker.h */ = {isa = PBXFileReference; fileEncoding = 4; lastKnownFileType = sourcecode.c.h; path = FSBLEReqSyncLogPacker.h; sourceTree = "<group>"; };
		3912EAC31A9DC4C200718F9A /* FSBLEReqSyncLogPacker.m */ = {isa = PBXFileReference; fileEncoding = 4; lastKnownFileType = sourcecode.c.objc; path = FSBLEReqSyncLogPacker.m; sourceTree = "<group>"; };
		3912EAC61A9DC75F00718F9A /* FSBLELog.h */ = {isa = PBXFileReference; fileEncoding = 4; lastKnownFileType = sourcecode.c.h; path = FSBLELog.h; sourceTree = "<group>"; };
		3912EAC71A9DC75F00718F9A /* FSBLELog.m */ = {isa = PBXFileReference; fileEncoding = 4; lastKnownFileType = sourcecode.c.objc; path = FSBLELog.m; sourceTree = "<group>"; };
		39193BF01AB977DF00617804 /* FSUtilities.h */ = {isa = PBXFileReference; fileEncoding = 4; lastKnownFileType = sourcecode.c.h; name = FSUtilities.h; path = ../SLFarseer/FSUtilities.h; sourceTree = "<group>"; };
		39193BF11AB977DF00617804 /* FSUtilities.m */ = {isa = PBXFileReference; fileEncoding = 4; lastKnownFileType = sourcecode.c.objc; name = FSUtilities.m; path = ../SLFarseer/FSUtilities.m; sourceTree = "<group>"; };
		39193BF31AB97AF400617804 /* FSLogManager+Central.h */ = {isa = PBXFileReference; fileEncoding = 4; lastKnownFileType = sourcecode.c.h; name = "FSLogManager+Central.h"; path = "../SLFarseer/FSLogManager+Central.h"; sourceTree = "<group>"; };
		39193BF41AB97AF400617804 /* FSLogManager+Central.m */ = {isa = PBXFileReference; fileEncoding = 4; lastKnownFileType = sourcecode.c.objc; name = "FSLogManager+Central.m"; path = "../SLFarseer/FSLogManager+Central.m"; sourceTree = "<group>"; };
		39193BF61AB97AFE00617804 /* FSLogManager+Peripheral.h */ = {isa = PBXFileReference; fileEncoding = 4; lastKnownFileType = sourcecode.c.h; name = "FSLogManager+Peripheral.h"; path = "../SLFarseer/FSLogManager+Peripheral.h"; sourceTree = "<group>"; };
		39193BF71AB97AFE00617804 /* FSLogManager+Peripheral.m */ = {isa = PBXFileReference; fileEncoding = 4; lastKnownFileType = sourcecode.c.objc; name = "FSLogManager+Peripheral.m"; path = "../SLFarseer/FSLogManager+Peripheral.m"; sourceTree = "<group>"; };
		39193C2B1AB9969800617804 /* Farseer_iOS.framework */ = {isa = PBXFileReference; explicitFileType = wrapper.framework; includeInIndex = 0; path = Farseer_iOS.framework; sourceTree = BUILT_PRODUCTS_DIR; };
		39193C2E1AB9969800617804 /* Info.plist */ = {isa = PBXFileReference; lastKnownFileType = text.plist.xml; path = Info.plist; sourceTree = "<group>"; };
		39193C2F1AB9969800617804 /* Farseer_iOS.h */ = {isa = PBXFileReference; lastKnownFileType = sourcecode.c.h; path = Farseer_iOS.h; sourceTree = "<group>"; };
		39193C351AB9969800617804 /* Farseer_iOSTests.xctest */ = {isa = PBXFileReference; explicitFileType = wrapper.cfbundle; includeInIndex = 0; path = Farseer_iOSTests.xctest; sourceTree = BUILT_PRODUCTS_DIR; };
		39193C3D1AB9969800617804 /* Info.plist */ = {isa = PBXFileReference; lastKnownFileType = text.plist.xml; path = Info.plist; sourceTree = "<group>"; };
		39193C3E1AB9969800617804 /* Farseer_iOSTests.m */ = {isa = PBXFileReference; lastKnownFileType = sourcecode.c.objc; path = Farseer_iOSTests.m; sourceTree = "<group>"; };
		392A9CE41A9C521B00F3C8F8 /* FSBLEResSyncLogPacker.h */ = {isa = PBXFileReference; fileEncoding = 4; lastKnownFileType = sourcecode.c.h; name = FSBLEResSyncLogPacker.h; path = FSBLEPerpheralCentral/Protocol/FSBLEResSyncLogPacker.h; sourceTree = "<group>"; };
		392A9CE51A9C521B00F3C8F8 /* FSBLEResSyncLogPacker.m */ = {isa = PBXFileReference; fileEncoding = 4; lastKnownFileType = sourcecode.c.objc; name = FSBLEResSyncLogPacker.m; path = FSBLEPerpheralCentral/Protocol/FSBLEResSyncLogPacker.m; sourceTree = "<group>"; };
		392B86D21A9B4E4D00B9F32A /* FSBLEDefine.h */ = {isa = PBXFileReference; fileEncoding = 4; lastKnownFileType = sourcecode.c.h; name = FSBLEDefine.h; path = ../../../SLFarseer/FSBLEClient/Component/FSBLEDefine.h; sourceTree = "<group>"; };
		392B86D31A9B4E4D00B9F32A /* FSBLEUtilities.h */ = {isa = PBXFileReference; fileEncoding = 4; lastKnownFileType = sourcecode.c.h; name = FSBLEUtilities.h; path = ../../../SLFarseer/FSBLEClient/Component/FSBLEUtilities.h; sourceTree = "<group>"; };
		392B86D41A9B4E4D00B9F32A /* FSBLEUtilities.mm */ = {isa = PBXFileReference; fileEncoding = 4; lastKnownFileType = sourcecode.cpp.objcpp; name = FSBLEUtilities.mm; path = ../../../SLFarseer/FSBLEClient/Component/FSBLEUtilities.mm; sourceTree = "<group>"; };
		392B86D51A9B4E4D00B9F32A /* FSPackageIn.h */ = {isa = PBXFileReference; fileEncoding = 4; lastKnownFileType = sourcecode.c.h; name = FSPackageIn.h; path = ../../../SLFarseer/FSBLEClient/Component/FSPackageIn.h; sourceTree = "<group>"; };
		392B86D61A9B4E4D00B9F32A /* FSPackageIn.mm */ = {isa = PBXFileReference; fileEncoding = 4; lastKnownFileType = sourcecode.cpp.objcpp; name = FSPackageIn.mm; path = ../../../SLFarseer/FSBLEClient/Component/FSPackageIn.mm; sourceTree = "<group>"; };
		392B86D91A9B4E5A00B9F32A /* FSInitBLEPacker.h */ = {isa = PBXFileReference; fileEncoding = 4; lastKnownFileType = sourcecode.c.h; name = FSInitBLEPacker.h; path = ../../../SLFarseer/FSBLEClient/Component/Protocol/FSInitBLEPacker.h; sourceTree = "<group>"; };
		392B86DA1A9B4E5A00B9F32A /* FSInitBLEPacker.m */ = {isa = PBXFileReference; fileEncoding = 4; lastKnownFileType = sourcecode.c.objc; name = FSInitBLEPacker.m; path = ../../../SLFarseer/FSBLEClient/Component/Protocol/FSInitBLEPacker.m; sourceTree = "<group>"; };
		392B86DB1A9B4E5A00B9F32A /* FSBLEPeripheralPackerFactory.h */ = {isa = PBXFileReference; fileEncoding = 4; lastKnownFileType = sourcecode.c.h; name = FSBLEPeripheralPackerFactory.h; path = ../../../../../SLFarseer/FSBLEClient/Component/Protocol/FSBLEPeripheralPackerFactory.h; sourceTree = "<group>"; };
		392B86DC1A9B4E5A00B9F32A /* FSBLEPeripheralPackerFactory.m */ = {isa = PBXFileReference; fileEncoding = 4; lastKnownFileType = sourcecode.c.objc; name = FSBLEPeripheralPackerFactory.m; path = ../../../../../SLFarseer/FSBLEClient/Component/Protocol/FSBLEPeripheralPackerFactory.m; sourceTree = "<group>"; };
		392B86E01A9B4E6800B9F32A /* FSBLEPeripheralService.h */ = {isa = PBXFileReference; fileEncoding = 4; lastKnownFileType = sourcecode.c.h; name = FSBLEPeripheralService.h; path = ../../../../SLFarseer/FSBLEClient/FSBLEPerpheral/FSBLEPeripheralService.h; sourceTree = "<group>"; };
		392B86E11A9B4E6800B9F32A /* FSBLEPeripheralService.m */ = {isa = PBXFileReference; fileEncoding = 4; lastKnownFileType = sourcecode.c.objc; name = FSBLEPeripheralService.m; path = ../../../../SLFarseer/FSBLEClient/FSBLEPerpheral/FSBLEPeripheralService.m; sourceTree = "<group>"; };
		392B86E21A9B4E6800B9F32A /* FSPeripheralClient.h */ = {isa = PBXFileReference; fileEncoding = 4; lastKnownFileType = sourcecode.c.h; name = FSPeripheralClient.h; path = ../../../../SLFarseer/FSBLEClient/FSBLEPerpheral/FSPeripheralClient.h; sourceTree = "<group>"; };
		392B86E31A9B4E6800B9F32A /* FSPeripheralClient.m */ = {isa = PBXFileReference; fileEncoding = 4; lastKnownFileType = sourcecode.c.objc; name = FSPeripheralClient.m; path = ../../../../SLFarseer/FSBLEClient/FSBLEPerpheral/FSPeripheralClient.m; sourceTree = "<group>"; };
		392B86E61A9B4E7200B9F32A /* FSBLECentralService.h */ = {isa = PBXFileReference; fileEncoding = 4; lastKnownFileType = sourcecode.c.h; name = FSBLECentralService.h; path = ../../../SLFarseer/FSBLEClient/FSBLECentral/FSBLECentralService.h; sourceTree = "<group>"; };
		392B86E71A9B4E7200B9F32A /* FSBLECentralService.m */ = {isa = PBXFileReference; fileEncoding = 4; lastKnownFileType = sourcecode.c.objc; name = FSBLECentralService.m; path = ../../../SLFarseer/FSBLEClient/FSBLECentral/FSBLECentralService.m; sourceTree = "<group>"; };
		392B86E81A9B4E7200B9F32A /* FSCentralClient.h */ = {isa = PBXFileReference; fileEncoding = 4; lastKnownFileType = sourcecode.c.h; name = FSCentralClient.h; path = ../../../SLFarseer/FSBLEClient/FSBLECentral/FSCentralClient.h; sourceTree = "<group>"; };
		392B86E91A9B4E7200B9F32A /* FSCentralClient.m */ = {isa = PBXFileReference; fileEncoding = 4; lastKnownFileType = sourcecode.c.objc; name = FSCentralClient.m; path = ../../../SLFarseer/FSBLEClient/FSBLECentral/FSCentralClient.m; sourceTree = "<group>"; };
		394AD6561A9D62F4007FD2D2 /* PeripheralTableViewController.h */ = {isa = PBXFileReference; fileEncoding = 4; lastKnownFileType = sourcecode.c.h; path = PeripheralTableViewController.h; sourceTree = "<group>"; };
		394AD6571A9D62F4007FD2D2 /* PeripheralTableViewController.m */ = {isa = PBXFileReference; fileEncoding = 4; lastKnownFileType = sourcecode.c.objc; path = PeripheralTableViewController.m; sourceTree = "<group>"; };
		3987802C1A9DAD7000D7397F /* LogViewController.h */ = {isa = PBXFileReference; fileEncoding = 4; lastKnownFileType = sourcecode.c.h; path = LogViewController.h; sourceTree = "<group>"; };
		3987802D1A9DAD7000D7397F /* LogViewController.m */ = {isa = PBXFileReference; fileEncoding = 4; lastKnownFileType = sourcecode.c.objc; path = LogViewController.m; sourceTree = "<group>"; };
		398DDFCA1A80C63D0019BB12 /* SLFarseer_iOS.app */ = {isa = PBXFileReference; explicitFileType = wrapper.application; includeInIndex = 0; path = SLFarseer_iOS.app; sourceTree = BUILT_PRODUCTS_DIR; };
		398DDFCE1A80C63D0019BB12 /* Info.plist */ = {isa = PBXFileReference; lastKnownFileType = text.plist.xml; path = Info.plist; sourceTree = "<group>"; };
		398DDFCF1A80C63D0019BB12 /* main.m */ = {isa = PBXFileReference; lastKnownFileType = sourcecode.c.objc; path = main.m; sourceTree = "<group>"; };
		398DDFD11A80C63D0019BB12 /* AppDelegate.h */ = {isa = PBXFileReference; lastKnownFileType = sourcecode.c.h; path = AppDelegate.h; sourceTree = "<group>"; };
		398DDFD21A80C63D0019BB12 /* AppDelegate.m */ = {isa = PBXFileReference; lastKnownFileType = sourcecode.c.objc; path = AppDelegate.m; sourceTree = "<group>"; };
		398DDFDB1A80C63D0019BB12 /* Base */ = {isa = PBXFileReference; lastKnownFileType = file.storyboard; name = Base; path = Base.lproj/Main.storyboard; sourceTree = "<group>"; };
		398DDFDD1A80C63D0019BB12 /* Images.xcassets */ = {isa = PBXFileReference; lastKnownFileType = folder.assetcatalog; path = Images.xcassets; sourceTree = "<group>"; };
		398DDFE01A80C63D0019BB12 /* Base */ = {isa = PBXFileReference; lastKnownFileType = file.xib; name = Base; path = Base.lproj/LaunchScreen.xib; sourceTree = "<group>"; };
		398DDFE61A80C63D0019BB12 /* SLFarseer_iOSTests.xctest */ = {isa = PBXFileReference; explicitFileType = wrapper.cfbundle; includeInIndex = 0; path = SLFarseer_iOSTests.xctest; sourceTree = BUILT_PRODUCTS_DIR; };
		398DDFEB1A80C63D0019BB12 /* Info.plist */ = {isa = PBXFileReference; lastKnownFileType = text.plist.xml; path = Info.plist; sourceTree = "<group>"; };
		398DDFEC1A80C63D0019BB12 /* SLFarseer_iOSTests.m */ = {isa = PBXFileReference; lastKnownFileType = sourcecode.c.objc; path = SLFarseer_iOSTests.m; sourceTree = "<group>"; };
		398DE0111A80C7760019BB12 /* FSDebugCentral.h */ = {isa = PBXFileReference; fileEncoding = 4; lastKnownFileType = sourcecode.c.h; name = FSDebugCentral.h; path = ../../SLFarseer/FSDebugCentral.h; sourceTree = "<group>"; };
		398DE0121A80C7760019BB12 /* FSDebugCentral.m */ = {isa = PBXFileReference; fileEncoding = 4; lastKnownFileType = sourcecode.c.objc; name = FSDebugCentral.m; path = ../../SLFarseer/FSDebugCentral.m; sourceTree = "<group>"; };
		398DE0131A80C7760019BB12 /* Farseer.h */ = {isa = PBXFileReference; fileEncoding = 4; lastKnownFileType = sourcecode.c.h; name = Farseer.h; path = ../../SLFarseer/Farseer.h; sourceTree = "<group>"; };
		398DE0141A80C7760019BB12 /* Farseer.m */ = {isa = PBXFileReference; fileEncoding = 4; lastKnownFileType = sourcecode.c.objc; name = Farseer.m; path = ../../SLFarseer/Farseer.m; sourceTree = "<group>"; };
		398DE0151A80C7760019BB12 /* FSLogManager.h */ = {isa = PBXFileReference; fileEncoding = 4; lastKnownFileType = sourcecode.c.h; name = FSLogManager.h; path = ../../SLFarseer/FSLogManager.h; sourceTree = "<group>"; };
		398DE0161A80C7760019BB12 /* FSLogManager.m */ = {isa = PBXFileReference; fileEncoding = 4; lastKnownFileType = sourcecode.c.objc; name = FSLogManager.m; path = ../../SLFarseer/FSLogManager.m; sourceTree = "<group>"; };
		398DE01E1A80C7F10019BB12 /* MainViewController.h */ = {isa = PBXFileReference; fileEncoding = 4; lastKnownFileType = sourcecode.c.h; path = MainViewController.h; sourceTree = "<group>"; };
		398DE01F1A80C7F10019BB12 /* MainViewController.m */ = {isa = PBXFileReference; fileEncoding = 4; lastKnownFileType = sourcecode.c.objc; path = MainViewController.m; sourceTree = "<group>"; };
		398DE0221A80C8CE0019BB12 /* SLFarseer_iOS-Bridging-Header.h */ = {isa = PBXFileReference; lastKnownFileType = sourcecode.c.h; path = "SLFarseer_iOS-Bridging-Header.h"; sourceTree = "<group>"; };
		39A617081AA841780058574E /* DirViewController.h */ = {isa = PBXFileReference; fileEncoding = 4; lastKnownFileType = sourcecode.c.h; path = DirViewController.h; sourceTree = "<group>"; };
		39A617091AA841780058574E /* DirViewController.m */ = {isa = PBXFileReference; fileEncoding = 4; lastKnownFileType = sourcecode.c.objc; path = DirViewController.m; sourceTree = "<group>"; };
		39A7D3831AB7C12300D727A5 /* FSBLEResSyncDataPacker.h */ = {isa = PBXFileReference; fileEncoding = 4; lastKnownFileType = sourcecode.c.h; name = FSBLEResSyncDataPacker.h; path = FSBLEPerpheralCentral/Protocol/FSBLEResSyncDataPacker.h; sourceTree = "<group>"; };
		39A7D3841AB7C12300D727A5 /* FSBLEResSyncDataPacker.m */ = {isa = PBXFileReference; fileEncoding = 4; lastKnownFileType = sourcecode.c.objc; name = FSBLEResSyncDataPacker.m; path = FSBLEPerpheralCentral/Protocol/FSBLEResSyncDataPacker.m; sourceTree = "<group>"; };
		39A7D3861AB7CE4500D727A5 /* FSBLEBaseReqPacker.h */ = {isa = PBXFileReference; fileEncoding = 4; lastKnownFileType = sourcecode.c.h; path = FSBLEBaseReqPacker.h; sourceTree = "<group>"; };
		39A7D3871AB7CE4500D727A5 /* FSBLEBaseReqPacker.m */ = {isa = PBXFileReference; fileEncoding = 4; lastKnownFileType = sourcecode.c.objc; path = FSBLEBaseReqPacker.m; sourceTree = "<group>"; };
		39A7D3891AB7DB1500D727A5 /* FSTransportManager.h */ = {isa = PBXFileReference; fileEncoding = 4; lastKnownFileType = sourcecode.c.h; name = FSTransportManager.h; path = ../../../SLFarseer_iOS/SLFarseer/FSTransportManager.h; sourceTree = "<group>"; };
		39A7D38A1AB7DB1500D727A5 /* FSTransportManager.m */ = {isa = PBXFileReference; fileEncoding = 4; lastKnownFileType = sourcecode.c.objc; name = FSTransportManager.m; path = ../../../SLFarseer_iOS/SLFarseer/FSTransportManager.m; sourceTree = "<group>"; };
		39CE6A3A1A9DF8A9005E626C /* LogTableViewCell.h */ = {isa = PBXFileReference; fileEncoding = 4; lastKnownFileType = sourcecode.c.h; path = LogTableViewCell.h; sourceTree = "<group>"; };
		39CE6A3B1A9DF8A9005E626C /* LogTableViewCell.m */ = {isa = PBXFileReference; fileEncoding = 4; lastKnownFileType = sourcecode.c.objc; path = LogTableViewCell.m; sourceTree = "<group>"; };
		39CF61BA1AA2C21A00C51434 /* Define.h */ = {isa = PBXFileReference; lastKnownFileType = sourcecode.c.h; path = Define.h; sourceTree = "<group>"; };
		39CF61BB1AA2CDC800C51434 /* TracksView.h */ = {isa = PBXFileReference; fileEncoding = 4; lastKnownFileType = sourcecode.c.h; path = TracksView.h; sourceTree = "<group>"; };
		39CF61BC1AA2CDC800C51434 /* TracksView.m */ = {isa = PBXFileReference; fileEncoding = 4; lastKnownFileType = sourcecode.c.objc; path = TracksView.m; sourceTree = "<group>"; };
		39D034D51AB99DE900132F0F /* FSBLECentralPackerFactory.h */ = {isa = PBXFileReference; fileEncoding = 4; lastKnownFileType = sourcecode.c.h; path = FSBLECentralPackerFactory.h; sourceTree = "<group>"; };
		39D034D61AB99DE900132F0F /* FSBLECentralPackerFactory.m */ = {isa = PBXFileReference; fileEncoding = 4; lastKnownFileType = sourcecode.c.objc; path = FSBLECentralPackerFactory.m; sourceTree = "<group>"; };
		39D034D91AB99E5E00132F0F /* FSBLEPeripheralPackerProtocol.h */ = {isa = PBXFileReference; lastKnownFileType = sourcecode.c.h; path = FSBLEPeripheralPackerProtocol.h; sourceTree = "<group>"; };
		39D034DA1AB99E9800132F0F /* FSBLECentralPackerProtocol.h */ = {isa = PBXFileReference; lastKnownFileType = sourcecode.c.h; path = FSBLECentralPackerProtocol.h; sourceTree = "<group>"; };
		39D034E21AB9A3EE00132F0F /* UIKit.framework */ = {isa = PBXFileReference; lastKnownFileType = wrapper.framework; name = UIKit.framework; path = System/Library/Frameworks/UIKit.framework; sourceTree = SDKROOT; };
		39D0350D1AB9A4A600132F0F /* Farseer_Remote_iOS.framework */ = {isa = PBXFileReference; explicitFileType = wrapper.framework; includeInIndex = 0; path = Farseer_Remote_iOS.framework; sourceTree = BUILT_PRODUCTS_DIR; };
		39D035101AB9A4A600132F0F /* Info.plist */ = {isa = PBXFileReference; lastKnownFileType = text.plist.xml; path = Info.plist; sourceTree = "<group>"; };
		39D035111AB9A4A600132F0F /* Farseer_Remote_iOS.h */ = {isa = PBXFileReference; lastKnownFileType = sourcecode.c.h; path = Farseer_Remote_iOS.h; sourceTree = "<group>"; };
		39D035171AB9A4A600132F0F /* Farseer_Remote_iOSTests.xctest */ = {isa = PBXFileReference; explicitFileType = wrapper.cfbundle; includeInIndex = 0; path = Farseer_Remote_iOSTests.xctest; sourceTree = BUILT_PRODUCTS_DIR; };
		39D0351F1AB9A4A600132F0F /* Info.plist */ = {isa = PBXFileReference; lastKnownFileType = text.plist.xml; path = Info.plist; sourceTree = "<group>"; };
		39D035201AB9A4A600132F0F /* Farseer_Remote_iOSTests.m */ = {isa = PBXFileReference; lastKnownFileType = sourcecode.c.objc; path = Farseer_Remote_iOSTests.m; sourceTree = "<group>"; };
		39EC51351A9EC454004D5484 /* FSBLELogInfo.h */ = {isa = PBXFileReference; fileEncoding = 4; lastKnownFileType = sourcecode.c.h; path = FSBLELogInfo.h; sourceTree = "<group>"; };
		39EC51361A9EC454004D5484 /* FSBLELogInfo.m */ = {isa = PBXFileReference; fileEncoding = 4; lastKnownFileType = sourcecode.c.objc; path = FSBLELogInfo.m; sourceTree = "<group>"; };
/* End PBXFileReference section */

/* Begin PBXFrameworksBuildPhase section */
		39193C271AB9969800617804 /* Frameworks */ = {
			isa = PBXFrameworksBuildPhase;
			buildActionMask = 2147483647;
			files = (
				39D034E31AB9A3EE00132F0F /* UIKit.framework in Frameworks */,
			);
			runOnlyForDeploymentPostprocessing = 0;
		};
		39193C321AB9969800617804 /* Frameworks */ = {
			isa = PBXFrameworksBuildPhase;
			buildActionMask = 2147483647;
			files = (
				39193C361AB9969800617804 /* Farseer_iOS.framework in Frameworks */,
			);
			runOnlyForDeploymentPostprocessing = 0;
		};
		398DDFC71A80C63D0019BB12 /* Frameworks */ = {
			isa = PBXFrameworksBuildPhase;
			buildActionMask = 2147483647;
			files = (
				39193C421AB9969800617804 /* Farseer_iOS.framework in Frameworks */,
				39D035241AB9A4A600132F0F /* Farseer_Remote_iOS.framework in Frameworks */,
			);
			runOnlyForDeploymentPostprocessing = 0;
		};
		398DDFE31A80C63D0019BB12 /* Frameworks */ = {
			isa = PBXFrameworksBuildPhase;
			buildActionMask = 2147483647;
			files = (
			);
			runOnlyForDeploymentPostprocessing = 0;
		};
		39D035091AB9A4A600132F0F /* Frameworks */ = {
			isa = PBXFrameworksBuildPhase;
			buildActionMask = 2147483647;
			files = (
				399463F91AB9A83F009F927D /* UIKit.framework in Frameworks */,
			);
			runOnlyForDeploymentPostprocessing = 0;
		};
		39D035141AB9A4A600132F0F /* Frameworks */ = {
			isa = PBXFrameworksBuildPhase;
			buildActionMask = 2147483647;
			files = (
				39D035181AB9A4A600132F0F /* Farseer_Remote_iOS.framework in Frameworks */,
			);
			runOnlyForDeploymentPostprocessing = 0;
		};
/* End PBXFrameworksBuildPhase section */

/* Begin PBXGroup section */
		3912EAC51A9DC72700718F9A /* Object */ = {
			isa = PBXGroup;
			children = (
				3912EAC61A9DC75F00718F9A /* FSBLELog.h */,
				3912EAC71A9DC75F00718F9A /* FSBLELog.m */,
				39EC51351A9EC454004D5484 /* FSBLELogInfo.h */,
				39EC51361A9EC454004D5484 /* FSBLELogInfo.m */,
			);
			name = Object;
			sourceTree = "<group>";
		};
		39193C2C1AB9969800617804 /* Farseer_iOS */ = {
			isa = PBXGroup;
			children = (
				39193C2F1AB9969800617804 /* Farseer_iOS.h */,
				398DE0131A80C7760019BB12 /* Farseer.h */,
				398DE0141A80C7760019BB12 /* Farseer.m */,
				39193BF01AB977DF00617804 /* FSUtilities.h */,
				39193BF11AB977DF00617804 /* FSUtilities.m */,
				398DE0111A80C7760019BB12 /* FSDebugCentral.h */,
				398DE0121A80C7760019BB12 /* FSDebugCentral.m */,
				398DE0151A80C7760019BB12 /* FSLogManager.h */,
				398DE0161A80C7760019BB12 /* FSLogManager.m */,
				39193BF61AB97AFE00617804 /* FSLogManager+Peripheral.h */,
				39193BF71AB97AFE00617804 /* FSLogManager+Peripheral.m */,
				39436F131A9AB419006B0E70 /* Transport */,
				39193C2D1AB9969800617804 /* Supporting Files */,
			);
			path = Farseer_iOS;
			sourceTree = "<group>";
		};
		39193C2D1AB9969800617804 /* Supporting Files */ = {
			isa = PBXGroup;
			children = (
				39193C2E1AB9969800617804 /* Info.plist */,
			);
			name = "Supporting Files";
			sourceTree = "<group>";
		};
		39193C3B1AB9969800617804 /* Farseer_iOSTests */ = {
			isa = PBXGroup;
			children = (
				39193C3E1AB9969800617804 /* Farseer_iOSTests.m */,
				39193C3C1AB9969800617804 /* Supporting Files */,
			);
			path = Farseer_iOSTests;
			sourceTree = "<group>";
		};
		39193C3C1AB9969800617804 /* Supporting Files */ = {
			isa = PBXGroup;
			children = (
				39193C3D1AB9969800617804 /* Info.plist */,
			);
			name = "Supporting Files";
			sourceTree = "<group>";
		};
		39428A981A9B4C6300C48E9A /* FSBLECentral */ = {
			isa = PBXGroup;
			children = (
				39D034D11AB99D3200132F0F /* Protocol */,
				392B86E61A9B4E7200B9F32A /* FSBLECentralService.h */,
				392B86E71A9B4E7200B9F32A /* FSBLECentralService.m */,
				392B86E81A9B4E7200B9F32A /* FSCentralClient.h */,
				392B86E91A9B4E7200B9F32A /* FSCentralClient.m */,
			);
			name = FSBLECentral;
			path = ../../SLFarseer_Mac/SLFarseer_Mac/SLBluetoothService;
			sourceTree = "<group>";
		};
		39428A9C1A9B4CA700C48E9A /* Component */ = {
			isa = PBXGroup;
			children = (
				3912EAC51A9DC72700718F9A /* Object */,
				392B86D21A9B4E4D00B9F32A /* FSBLEDefine.h */,
				392B86D31A9B4E4D00B9F32A /* FSBLEUtilities.h */,
				392B86D41A9B4E4D00B9F32A /* FSBLEUtilities.mm */,
				392B86D51A9B4E4D00B9F32A /* FSPackageIn.h */,
				392B86D61A9B4E4D00B9F32A /* FSPackageIn.mm */,
				39436F1E1A9AB419006B0E70 /* Protocol */,
			);
			name = Component;
			sourceTree = "<group>";
		};
		39436F131A9AB419006B0E70 /* Transport */ = {
			isa = PBXGroup;
			children = (
				39A7D3891AB7DB1500D727A5 /* FSTransportManager.h */,
				39A7D38A1AB7DB1500D727A5 /* FSTransportManager.m */,
				39428A9C1A9B4CA700C48E9A /* Component */,
				39436F161A9AB419006B0E70 /* FSBLEPerpheral */,
			);
			name = Transport;
			path = ../../SLFarseer_Mac/SLFarseer_Mac/SLBluetoothService;
			sourceTree = "<group>";
		};
		39436F161A9AB419006B0E70 /* FSBLEPerpheral */ = {
			isa = PBXGroup;
			children = (
				392B86E01A9B4E6800B9F32A /* FSBLEPeripheralService.h */,
				392B86E11A9B4E6800B9F32A /* FSBLEPeripheralService.m */,
				392B86E21A9B4E6800B9F32A /* FSPeripheralClient.h */,
				392B86E31A9B4E6800B9F32A /* FSPeripheralClient.m */,
			);
			name = FSBLEPerpheral;
			path = FSBLEPerpheralCentral;
			sourceTree = "<group>";
		};
		39436F1E1A9AB419006B0E70 /* Protocol */ = {
			isa = PBXGroup;
			children = (
				3912EAC21A9DC4C200718F9A /* FSBLEReqSyncLogPacker.h */,
				3912EAC31A9DC4C200718F9A /* FSBLEReqSyncLogPacker.m */,
				392B86DB1A9B4E5A00B9F32A /* FSBLEPeripheralPackerFactory.h */,
				392B86DC1A9B4E5A00B9F32A /* FSBLEPeripheralPackerFactory.m */,
				39A7D3861AB7CE4500D727A5 /* FSBLEBaseReqPacker.h */,
				39A7D3871AB7CE4500D727A5 /* FSBLEBaseReqPacker.m */,
				39D034D91AB99E5E00132F0F /* FSBLEPeripheralPackerProtocol.h */,
			);
			name = Protocol;
			path = FSBLEPerpheralCentral/Protocol;
			sourceTree = "<group>";
		};
		398DDFC11A80C63D0019BB12 = {
			isa = PBXGroup;
			children = (
				398DDFCC1A80C63D0019BB12 /* SLFarseer_iOS */,
				398DDFE91A80C63D0019BB12 /* SLFarseer_iOSTests */,
				39193C2C1AB9969800617804 /* Farseer_iOS */,
				39193C3B1AB9969800617804 /* Farseer_iOSTests */,
				39D0350E1AB9A4A600132F0F /* Farseer_Remote_iOS */,
				39D0351D1AB9A4A600132F0F /* Farseer_Remote_iOSTests */,
				398DDFCB1A80C63D0019BB12 /* Products */,
			);
			sourceTree = "<group>";
		};
		398DDFCB1A80C63D0019BB12 /* Products */ = {
			isa = PBXGroup;
			children = (
				398DDFCA1A80C63D0019BB12 /* SLFarseer_iOS.app */,
				398DDFE61A80C63D0019BB12 /* SLFarseer_iOSTests.xctest */,
				39193C2B1AB9969800617804 /* Farseer_iOS.framework */,
				39193C351AB9969800617804 /* Farseer_iOSTests.xctest */,
				39D0350D1AB9A4A600132F0F /* Farseer_Remote_iOS.framework */,
				39D035171AB9A4A600132F0F /* Farseer_Remote_iOSTests.xctest */,
			);
			name = Products;
			sourceTree = "<group>";
		};
		398DDFCC1A80C63D0019BB12 /* SLFarseer_iOS */ = {
			isa = PBXGroup;
			children = (
				398DDFD11A80C63D0019BB12 /* AppDelegate.h */,
				398DDFD21A80C63D0019BB12 /* AppDelegate.m */,
				398DE01E1A80C7F10019BB12 /* MainViewController.h */,
				398DE01F1A80C7F10019BB12 /* MainViewController.m */,
				394AD6561A9D62F4007FD2D2 /* PeripheralTableViewController.h */,
				394AD6571A9D62F4007FD2D2 /* PeripheralTableViewController.m */,
				3987802C1A9DAD7000D7397F /* LogViewController.h */,
				3987802D1A9DAD7000D7397F /* LogViewController.m */,
				39CE6A3A1A9DF8A9005E626C /* LogTableViewCell.h */,
				39CE6A3B1A9DF8A9005E626C /* LogTableViewCell.m */,
				39A617081AA841780058574E /* DirViewController.h */,
				39A617091AA841780058574E /* DirViewController.m */,
				39CF61BB1AA2CDC800C51434 /* TracksView.h */,
				39CF61BC1AA2CDC800C51434 /* TracksView.m */,
				39CF61BA1AA2C21A00C51434 /* Define.h */,
				398DDFDA1A80C63D0019BB12 /* Main.storyboard */,
				398DDFDD1A80C63D0019BB12 /* Images.xcassets */,
				398DDFDF1A80C63D0019BB12 /* LaunchScreen.xib */,
				398DDFCD1A80C63D0019BB12 /* Supporting Files */,
			);
			path = SLFarseer_iOS;
			sourceTree = "<group>";
		};
		398DDFCD1A80C63D0019BB12 /* Supporting Files */ = {
			isa = PBXGroup;
			children = (
				39D034E21AB9A3EE00132F0F /* UIKit.framework */,
				398DE0221A80C8CE0019BB12 /* SLFarseer_iOS-Bridging-Header.h */,
				398DDFCE1A80C63D0019BB12 /* Info.plist */,
				398DDFCF1A80C63D0019BB12 /* main.m */,
			);
			name = "Supporting Files";
			sourceTree = "<group>";
		};
		398DDFE91A80C63D0019BB12 /* SLFarseer_iOSTests */ = {
			isa = PBXGroup;
			children = (
				398DDFEC1A80C63D0019BB12 /* SLFarseer_iOSTests.m */,
				398DDFEA1A80C63D0019BB12 /* Supporting Files */,
			);
			path = SLFarseer_iOSTests;
			sourceTree = "<group>";
		};
		398DDFEA1A80C63D0019BB12 /* Supporting Files */ = {
			isa = PBXGroup;
			children = (
				398DDFEB1A80C63D0019BB12 /* Info.plist */,
			);
			name = "Supporting Files";
			sourceTree = "<group>";
		};
		39D034D11AB99D3200132F0F /* Protocol */ = {
			isa = PBXGroup;
			children = (
				392B86D91A9B4E5A00B9F32A /* FSInitBLEPacker.h */,
				392B86DA1A9B4E5A00B9F32A /* FSInitBLEPacker.m */,
				392A9CE41A9C521B00F3C8F8 /* FSBLEResSyncLogPacker.h */,
				392A9CE51A9C521B00F3C8F8 /* FSBLEResSyncLogPacker.m */,
				39A7D3831AB7C12300D727A5 /* FSBLEResSyncDataPacker.h */,
				39A7D3841AB7C12300D727A5 /* FSBLEResSyncDataPacker.m */,
				39D034D51AB99DE900132F0F /* FSBLECentralPackerFactory.h */,
				39D034D61AB99DE900132F0F /* FSBLECentralPackerFactory.m */,
				39D034DA1AB99E9800132F0F /* FSBLECentralPackerProtocol.h */,
			);
			name = Protocol;
			sourceTree = "<group>";
		};
		39D0350E1AB9A4A600132F0F /* Farseer_Remote_iOS */ = {
			isa = PBXGroup;
			children = (
				39D035111AB9A4A600132F0F /* Farseer_Remote_iOS.h */,
				39193BF31AB97AF400617804 /* FSLogManager+Central.h */,
				39193BF41AB97AF400617804 /* FSLogManager+Central.m */,
				39428A981A9B4C6300C48E9A /* FSBLECentral */,
				39D0350F1AB9A4A600132F0F /* Supporting Files */,
			);
			path = Farseer_Remote_iOS;
			sourceTree = "<group>";
		};
		39D0350F1AB9A4A600132F0F /* Supporting Files */ = {
			isa = PBXGroup;
			children = (
				39D035101AB9A4A600132F0F /* Info.plist */,
			);
			name = "Supporting Files";
			sourceTree = "<group>";
		};
		39D0351D1AB9A4A600132F0F /* Farseer_Remote_iOSTests */ = {
			isa = PBXGroup;
			children = (
				39D035201AB9A4A600132F0F /* Farseer_Remote_iOSTests.m */,
				39D0351E1AB9A4A600132F0F /* Supporting Files */,
			);
			path = Farseer_Remote_iOSTests;
			sourceTree = "<group>";
		};
		39D0351E1AB9A4A600132F0F /* Supporting Files */ = {
			isa = PBXGroup;
			children = (
				39D0351F1AB9A4A600132F0F /* Info.plist */,
			);
			name = "Supporting Files";
			sourceTree = "<group>";
		};
/* End PBXGroup section */

/* Begin PBXHeadersBuildPhase section */
		39193C281AB9969800617804 /* Headers */ = {
			isa = PBXHeadersBuildPhase;
			buildActionMask = 2147483647;
			files = (
				39D034CC1AB99D0100132F0F /* FSBLEUtilities.h in Headers */,
				399463F01AB9A69A009F927D /* Farseer.h in Headers */,
				399463EF1AB9A624009F927D /* Farseer_iOS.h in Headers */,
			);
			runOnlyForDeploymentPostprocessing = 0;
		};
		39D0350A1AB9A4A600132F0F /* Headers */ = {
			isa = PBXHeadersBuildPhase;
			buildActionMask = 2147483647;
			files = (
				39D035121AB9A4A600132F0F /* Farseer_Remote_iOS.h in Headers */,
			);
			runOnlyForDeploymentPostprocessing = 0;
		};
/* End PBXHeadersBuildPhase section */

/* Begin PBXNativeTarget section */
		39193C2A1AB9969800617804 /* Farseer_iOS */ = {
			isa = PBXNativeTarget;
			buildConfigurationList = 39193C441AB9969800617804 /* Build configuration list for PBXNativeTarget "Farseer_iOS" */;
			buildPhases = (
				39193C261AB9969800617804 /* Sources */,
				39193C271AB9969800617804 /* Frameworks */,
				39193C281AB9969800617804 /* Headers */,
				39193C291AB9969800617804 /* Resources */,
			);
			buildRules = (
			);
			dependencies = (
			);
			name = Farseer_iOS;
			productName = Farseer_iOS;
			productReference = 39193C2B1AB9969800617804 /* Farseer_iOS.framework */;
			productType = "com.apple.product-type.framework";
		};
		39193C341AB9969800617804 /* Farseer_iOSTests */ = {
			isa = PBXNativeTarget;
			buildConfigurationList = 39193C471AB9969800617804 /* Build configuration list for PBXNativeTarget "Farseer_iOSTests" */;
			buildPhases = (
				39193C311AB9969800617804 /* Sources */,
				39193C321AB9969800617804 /* Frameworks */,
				39193C331AB9969800617804 /* Resources */,
			);
			buildRules = (
			);
			dependencies = (
				39193C381AB9969800617804 /* PBXTargetDependency */,
				39193C3A1AB9969800617804 /* PBXTargetDependency */,
			);
			name = Farseer_iOSTests;
			productName = Farseer_iOSTests;
			productReference = 39193C351AB9969800617804 /* Farseer_iOSTests.xctest */;
			productType = "com.apple.product-type.bundle.unit-test";
		};
		398DDFC91A80C63D0019BB12 /* SLFarseer_iOS */ = {
			isa = PBXNativeTarget;
			buildConfigurationList = 398DDFF01A80C63D0019BB12 /* Build configuration list for PBXNativeTarget "SLFarseer_iOS" */;
			buildPhases = (
				398DDFC61A80C63D0019BB12 /* Sources */,
				398DDFC71A80C63D0019BB12 /* Frameworks */,
				398DDFC81A80C63D0019BB12 /* Resources */,
				398DE0251A80CC660019BB12 /* ShellScript */,
				39193C1A1AB9955400617804 /* Embed Frameworks */,
			);
			buildRules = (
			);
			dependencies = (
				39193C411AB9969800617804 /* PBXTargetDependency */,
				39D035231AB9A4A600132F0F /* PBXTargetDependency */,
			);
			name = SLFarseer_iOS;
			productName = SLFarseer_iOS;
			productReference = 398DDFCA1A80C63D0019BB12 /* SLFarseer_iOS.app */;
			productType = "com.apple.product-type.application";
		};
		398DDFE51A80C63D0019BB12 /* SLFarseer_iOSTests */ = {
			isa = PBXNativeTarget;
			buildConfigurationList = 398DDFF31A80C63D0019BB12 /* Build configuration list for PBXNativeTarget "SLFarseer_iOSTests" */;
			buildPhases = (
				398DDFE21A80C63D0019BB12 /* Sources */,
				398DDFE31A80C63D0019BB12 /* Frameworks */,
				398DDFE41A80C63D0019BB12 /* Resources */,
			);
			buildRules = (
			);
			dependencies = (
				398DDFE81A80C63D0019BB12 /* PBXTargetDependency */,
			);
			name = SLFarseer_iOSTests;
			productName = SLFarseer_iOSTests;
			productReference = 398DDFE61A80C63D0019BB12 /* SLFarseer_iOSTests.xctest */;
			productType = "com.apple.product-type.bundle.unit-test";
		};
		39D0350C1AB9A4A600132F0F /* Farseer_Remote_iOS */ = {
			isa = PBXNativeTarget;
			buildConfigurationList = 39D035261AB9A4A700132F0F /* Build configuration list for PBXNativeTarget "Farseer_Remote_iOS" */;
			buildPhases = (
				39D035081AB9A4A600132F0F /* Sources */,
				39D035091AB9A4A600132F0F /* Frameworks */,
				39D0350A1AB9A4A600132F0F /* Headers */,
				39D0350B1AB9A4A600132F0F /* Resources */,
			);
			buildRules = (
			);
			dependencies = (
			);
			name = Farseer_Remote_iOS;
			productName = Farseer_Remote_iOS;
			productReference = 39D0350D1AB9A4A600132F0F /* Farseer_Remote_iOS.framework */;
			productType = "com.apple.product-type.framework";
		};
		39D035161AB9A4A600132F0F /* Farseer_Remote_iOSTests */ = {
			isa = PBXNativeTarget;
			buildConfigurationList = 39D035291AB9A4A700132F0F /* Build configuration list for PBXNativeTarget "Farseer_Remote_iOSTests" */;
			buildPhases = (
				39D035131AB9A4A600132F0F /* Sources */,
				39D035141AB9A4A600132F0F /* Frameworks */,
				39D035151AB9A4A600132F0F /* Resources */,
			);
			buildRules = (
			);
			dependencies = (
				39D0351A1AB9A4A600132F0F /* PBXTargetDependency */,
				39D0351C1AB9A4A600132F0F /* PBXTargetDependency */,
			);
			name = Farseer_Remote_iOSTests;
			productName = Farseer_Remote_iOSTests;
			productReference = 39D035171AB9A4A600132F0F /* Farseer_Remote_iOSTests.xctest */;
			productType = "com.apple.product-type.bundle.unit-test";
		};
/* End PBXNativeTarget section */

/* Begin PBXProject section */
		398DDFC21A80C63D0019BB12 /* Project object */ = {
			isa = PBXProject;
			attributes = {
				LastUpgradeCheck = 0610;
				ORGANIZATIONNAME = Qeekers;
				TargetAttributes = {
					39193C2A1AB9969800617804 = {
						CreatedOnToolsVersion = 6.2;
						DevelopmentTeam = DXZA325EJP;
					};
					39193C341AB9969800617804 = {
						CreatedOnToolsVersion = 6.2;
						TestTargetID = 398DDFC91A80C63D0019BB12;
					};
					398DDFC91A80C63D0019BB12 = {
						CreatedOnToolsVersion = 6.1.1;
						DevelopmentTeam = DXZA325EJP;
					};
					398DDFE51A80C63D0019BB12 = {
						CreatedOnToolsVersion = 6.1.1;
						TestTargetID = 398DDFC91A80C63D0019BB12;
					};
					39D0350C1AB9A4A600132F0F = {
						CreatedOnToolsVersion = 6.2;
						DevelopmentTeam = DXZA325EJP;
					};
					39D035161AB9A4A600132F0F = {
						CreatedOnToolsVersion = 6.2;
						TestTargetID = 398DDFC91A80C63D0019BB12;
					};
				};
			};
			buildConfigurationList = 398DDFC51A80C63D0019BB12 /* Build configuration list for PBXProject "SLFarseer_iOS" */;
			compatibilityVersion = "Xcode 3.2";
			developmentRegion = English;
			hasScannedForEncodings = 0;
			knownRegions = (
				en,
				Base,
			);
			mainGroup = 398DDFC11A80C63D0019BB12;
			productRefGroup = 398DDFCB1A80C63D0019BB12 /* Products */;
			projectDirPath = "";
			projectRoot = "";
			targets = (
				398DDFC91A80C63D0019BB12 /* SLFarseer_iOS */,
				398DDFE51A80C63D0019BB12 /* SLFarseer_iOSTests */,
				39193C2A1AB9969800617804 /* Farseer_iOS */,
				39193C341AB9969800617804 /* Farseer_iOSTests */,
				39D0350C1AB9A4A600132F0F /* Farseer_Remote_iOS */,
				39D035161AB9A4A600132F0F /* Farseer_Remote_iOSTests */,
			);
		};
/* End PBXProject section */

/* Begin PBXResourcesBuildPhase section */
		39193C291AB9969800617804 /* Resources */ = {
			isa = PBXResourcesBuildPhase;
			buildActionMask = 2147483647;
			files = (
			);
			runOnlyForDeploymentPostprocessing = 0;
		};
		39193C331AB9969800617804 /* Resources */ = {
			isa = PBXResourcesBuildPhase;
			buildActionMask = 2147483647;
			files = (
			);
			runOnlyForDeploymentPostprocessing = 0;
		};
		398DDFC81A80C63D0019BB12 /* Resources */ = {
			isa = PBXResourcesBuildPhase;
			buildActionMask = 2147483647;
			files = (
				398DDFDC1A80C63D0019BB12 /* Main.storyboard in Resources */,
				398DDFE11A80C63D0019BB12 /* LaunchScreen.xib in Resources */,
				398DDFDE1A80C63D0019BB12 /* Images.xcassets in Resources */,
			);
			runOnlyForDeploymentPostprocessing = 0;
		};
		398DDFE41A80C63D0019BB12 /* Resources */ = {
			isa = PBXResourcesBuildPhase;
			buildActionMask = 2147483647;
			files = (
			);
			runOnlyForDeploymentPostprocessing = 0;
		};
		39D0350B1AB9A4A600132F0F /* Resources */ = {
			isa = PBXResourcesBuildPhase;
			buildActionMask = 2147483647;
			files = (
			);
			runOnlyForDeploymentPostprocessing = 0;
		};
		39D035151AB9A4A600132F0F /* Resources */ = {
			isa = PBXResourcesBuildPhase;
			buildActionMask = 2147483647;
			files = (
			);
			runOnlyForDeploymentPostprocessing = 0;
		};
/* End PBXResourcesBuildPhase section */

/* Begin PBXShellScriptBuildPhase section */
		398DE0251A80CC660019BB12 /* ShellScript */ = {
			isa = PBXShellScriptBuildPhase;
			buildActionMask = 2147483647;
			files = (
			);
			inputPaths = (
			);
			outputPaths = (
			);
			runOnlyForDeploymentPostprocessing = 0;
			shellPath = /bin/sh;
			shellScript = "../Script/farseer.sh -m";
		};
/* End PBXShellScriptBuildPhase section */

/* Begin PBXSourcesBuildPhase section */
		39193C261AB9969800617804 /* Sources */ = {
			isa = PBXSourcesBuildPhase;
			buildActionMask = 2147483647;
			files = (
				39D034DC1AB9A10800132F0F /* FSPeripheralClient.m in Sources */,
				39D034DB1AB9A10500132F0F /* FSBLEPeripheralService.m in Sources */,
				39D034CF1AB99D0B00132F0F /* FSPackageIn.mm in Sources */,
				39D034BC1AB99C0500132F0F /* Farseer.m in Sources */,
				39D034BD1AB99C3D00132F0F /* FSUtilities.m in Sources */,
				39D034C01AB99C5000132F0F /* FSDebugCentral.m in Sources */,
				39D034E11AB9A27000132F0F /* FSBLEBaseReqPacker.m in Sources */,
				39D034CA1AB99CE900132F0F /* FSBLELogInfo.m in Sources */,
				39D034E01AB9A26600132F0F /* FSBLEReqSyncLogPacker.m in Sources */,
				39D034C11AB99C6800132F0F /* FSLogManager.m in Sources */,
				39D034C81AB99CE500132F0F /* FSBLELog.m in Sources */,
				39D034C41AB99C7C00132F0F /* FSTransportManager.m in Sources */,
				39D034DE1AB9A1F900132F0F /* FSBLEUtilities.mm in Sources */,
				39D034C31AB99C7000132F0F /* FSLogManager+Peripheral.m in Sources */,
				39D034DD1AB9A19200132F0F /* FSBLEPeripheralPackerFactory.m in Sources */,
			);
			runOnlyForDeploymentPostprocessing = 0;
		};
		39193C311AB9969800617804 /* Sources */ = {
			isa = PBXSourcesBuildPhase;
			buildActionMask = 2147483647;
			files = (
				39193C3F1AB9969800617804 /* Farseer_iOSTests.m in Sources */,
			);
			runOnlyForDeploymentPostprocessing = 0;
		};
		398DDFC61A80C63D0019BB12 /* Sources */ = {
			isa = PBXSourcesBuildPhase;
			buildActionMask = 2147483647;
			files = (
				39CF61BD1AA2CDC800C51434 /* TracksView.m in Sources */,
				398DDFD31A80C63D0019BB12 /* AppDelegate.m in Sources */,
				39CE6A3C1A9DF8A9005E626C /* LogTableViewCell.m in Sources */,
				398DDFD01A80C63D0019BB12 /* main.m in Sources */,
				39A6170A1AA841780058574E /* DirViewController.m in Sources */,
				3987802E1A9DAD7000D7397F /* LogViewController.m in Sources */,
				398DE0201A80C7F10019BB12 /* MainViewController.m in Sources */,
				394AD6581A9D62F4007FD2D2 /* PeripheralTableViewController.m in Sources */,
			);
			runOnlyForDeploymentPostprocessing = 0;
		};
		398DDFE21A80C63D0019BB12 /* Sources */ = {
			isa = PBXSourcesBuildPhase;
			buildActionMask = 2147483647;
			files = (
				398DDFED1A80C63D0019BB12 /* SLFarseer_iOSTests.m in Sources */,
			);
			runOnlyForDeploymentPostprocessing = 0;
		};
		39D035081AB9A4A600132F0F /* Sources */ = {
			isa = PBXSourcesBuildPhase;
			buildActionMask = 2147483647;
			files = (
				399463F61AB9A803009F927D /* FSInitBLEPacker.m in Sources */,
				399463F81AB9A824009F927D /* FSBLEUtilities.mm in Sources */,
				399463F31AB9A7A0009F927D /* FSPackageIn.mm in Sources */,
				399463F71AB9A812009F927D /* FSCentralClient.m in Sources */,
				399463F41AB9A7DD009F927D /* FSBLEResSyncLogPacker.m in Sources */,
				399463F11AB9A6BB009F927D /* FSBLECentralService.m in Sources */,
				399463F21AB9A78F009F927D /* FSBLECentralPackerFactory.m in Sources */,
				399463F51AB9A7DD009F927D /* FSBLEResSyncDataPacker.m in Sources */,
			);
			runOnlyForDeploymentPostprocessing = 0;
		};
		39D035131AB9A4A600132F0F /* Sources */ = {
			isa = PBXSourcesBuildPhase;
			buildActionMask = 2147483647;
			files = (
				39D035211AB9A4A600132F0F /* Farseer_Remote_iOSTests.m in Sources */,
			);
			runOnlyForDeploymentPostprocessing = 0;
		};
/* End PBXSourcesBuildPhase section */

/* Begin PBXTargetDependency section */
		39193C381AB9969800617804 /* PBXTargetDependency */ = {
			isa = PBXTargetDependency;
			target = 39193C2A1AB9969800617804 /* Farseer_iOS */;
			targetProxy = 39193C371AB9969800617804 /* PBXContainerItemProxy */;
		};
		39193C3A1AB9969800617804 /* PBXTargetDependency */ = {
			isa = PBXTargetDependency;
			target = 398DDFC91A80C63D0019BB12 /* SLFarseer_iOS */;
			targetProxy = 39193C391AB9969800617804 /* PBXContainerItemProxy */;
		};
		39193C411AB9969800617804 /* PBXTargetDependency */ = {
			isa = PBXTargetDependency;
			target = 39193C2A1AB9969800617804 /* Farseer_iOS */;
			targetProxy = 39193C401AB9969800617804 /* PBXContainerItemProxy */;
		};
		398DDFE81A80C63D0019BB12 /* PBXTargetDependency */ = {
			isa = PBXTargetDependency;
			target = 398DDFC91A80C63D0019BB12 /* SLFarseer_iOS */;
			targetProxy = 398DDFE71A80C63D0019BB12 /* PBXContainerItemProxy */;
		};
		39D0351A1AB9A4A600132F0F /* PBXTargetDependency */ = {
			isa = PBXTargetDependency;
			target = 39D0350C1AB9A4A600132F0F /* Farseer_Remote_iOS */;
			targetProxy = 39D035191AB9A4A600132F0F /* PBXContainerItemProxy */;
		};
		39D0351C1AB9A4A600132F0F /* PBXTargetDependency */ = {
			isa = PBXTargetDependency;
			target = 398DDFC91A80C63D0019BB12 /* SLFarseer_iOS */;
			targetProxy = 39D0351B1AB9A4A600132F0F /* PBXContainerItemProxy */;
		};
		39D035231AB9A4A600132F0F /* PBXTargetDependency */ = {
			isa = PBXTargetDependency;
			target = 39D0350C1AB9A4A600132F0F /* Farseer_Remote_iOS */;
			targetProxy = 39D035221AB9A4A600132F0F /* PBXContainerItemProxy */;
		};
/* End PBXTargetDependency section */

/* Begin PBXVariantGroup section */
		398DDFDA1A80C63D0019BB12 /* Main.storyboard */ = {
			isa = PBXVariantGroup;
			children = (
				398DDFDB1A80C63D0019BB12 /* Base */,
			);
			name = Main.storyboard;
			sourceTree = "<group>";
		};
		398DDFDF1A80C63D0019BB12 /* LaunchScreen.xib */ = {
			isa = PBXVariantGroup;
			children = (
				398DDFE01A80C63D0019BB12 /* Base */,
			);
			name = LaunchScreen.xib;
			sourceTree = "<group>";
		};
/* End PBXVariantGroup section */

/* Begin XCBuildConfiguration section */
		39193C451AB9969800617804 /* Debug */ = {
			isa = XCBuildConfiguration;
			buildSettings = {
				CODE_SIGN_IDENTITY = "iPhone Developer";
				"CODE_SIGN_IDENTITY[sdk=iphoneos*]" = "iPhone Developer";
				CURRENT_PROJECT_VERSION = 1;
				DEFINES_MODULE = YES;
				DYLIB_COMPATIBILITY_VERSION = 1;
				DYLIB_CURRENT_VERSION = 1;
				DYLIB_INSTALL_NAME_BASE = "@rpath";
				GCC_PREPROCESSOR_DEFINITIONS = (
					"DEBUG=1",
					"$(inherited)",
				);
				INFOPLIST_FILE = Farseer_iOS/Info.plist;
				INSTALL_PATH = "$(LOCAL_LIBRARY_DIR)/Frameworks";
				IPHONEOS_DEPLOYMENT_TARGET = 8.2;
				LD_RUNPATH_SEARCH_PATHS = "$(inherited) @executable_path/Frameworks @loader_path/Frameworks";
				PRODUCT_NAME = "$(TARGET_NAME)";
				SKIP_INSTALL = YES;
				TARGETED_DEVICE_FAMILY = "1,2";
				VERSIONING_SYSTEM = "apple-generic";
				VERSION_INFO_PREFIX = "";
			};
			name = Debug;
		};
		39193C461AB9969800617804 /* Release */ = {
			isa = XCBuildConfiguration;
			buildSettings = {
				CODE_SIGN_IDENTITY = "iPhone Developer";
				"CODE_SIGN_IDENTITY[sdk=iphoneos*]" = "iPhone Developer";
				COPY_PHASE_STRIP = NO;
				CURRENT_PROJECT_VERSION = 1;
				DEFINES_MODULE = YES;
				DYLIB_COMPATIBILITY_VERSION = 1;
				DYLIB_CURRENT_VERSION = 1;
				DYLIB_INSTALL_NAME_BASE = "@rpath";
				INFOPLIST_FILE = Farseer_iOS/Info.plist;
				INSTALL_PATH = "$(LOCAL_LIBRARY_DIR)/Frameworks";
				IPHONEOS_DEPLOYMENT_TARGET = 8.2;
				LD_RUNPATH_SEARCH_PATHS = "$(inherited) @executable_path/Frameworks @loader_path/Frameworks";
				PRODUCT_NAME = "$(TARGET_NAME)";
				SKIP_INSTALL = YES;
				TARGETED_DEVICE_FAMILY = "1,2";
				VERSIONING_SYSTEM = "apple-generic";
				VERSION_INFO_PREFIX = "";
			};
			name = Release;
		};
		39193C481AB9969800617804 /* Debug */ = {
			isa = XCBuildConfiguration;
			buildSettings = {
				FRAMEWORK_SEARCH_PATHS = (
					"$(SDKROOT)/Developer/Library/Frameworks",
					"$(inherited)",
				);
				GCC_PREPROCESSOR_DEFINITIONS = (
					"DEBUG=1",
					"$(inherited)",
				);
				INFOPLIST_FILE = Farseer_iOSTests/Info.plist;
				IPHONEOS_DEPLOYMENT_TARGET = 8.2;
				LD_RUNPATH_SEARCH_PATHS = "$(inherited) @executable_path/Frameworks @loader_path/Frameworks";
				PRODUCT_NAME = "$(TARGET_NAME)";
				TEST_HOST = "$(BUILT_PRODUCTS_DIR)/SLFarseer_iOS.app/SLFarseer_iOS";
			};
			name = Debug;
		};
		39193C491AB9969800617804 /* Release */ = {
			isa = XCBuildConfiguration;
			buildSettings = {
				COPY_PHASE_STRIP = NO;
				FRAMEWORK_SEARCH_PATHS = (
					"$(SDKROOT)/Developer/Library/Frameworks",
					"$(inherited)",
				);
				INFOPLIST_FILE = Farseer_iOSTests/Info.plist;
				IPHONEOS_DEPLOYMENT_TARGET = 8.2;
				LD_RUNPATH_SEARCH_PATHS = "$(inherited) @executable_path/Frameworks @loader_path/Frameworks";
				PRODUCT_NAME = "$(TARGET_NAME)";
				TEST_HOST = "$(BUILT_PRODUCTS_DIR)/SLFarseer_iOS.app/SLFarseer_iOS";
			};
			name = Release;
		};
		398DDFEE1A80C63D0019BB12 /* Debug */ = {
			isa = XCBuildConfiguration;
			buildSettings = {
				ALWAYS_SEARCH_USER_PATHS = NO;
				CLANG_CXX_LANGUAGE_STANDARD = "gnu++0x";
				CLANG_CXX_LIBRARY = "libc++";
				CLANG_ENABLE_MODULES = YES;
				CLANG_ENABLE_OBJC_ARC = YES;
				CLANG_WARN_BOOL_CONVERSION = YES;
				CLANG_WARN_CONSTANT_CONVERSION = YES;
				CLANG_WARN_DIRECT_OBJC_ISA_USAGE = YES_ERROR;
				CLANG_WARN_EMPTY_BODY = YES;
				CLANG_WARN_ENUM_CONVERSION = YES;
				CLANG_WARN_INT_CONVERSION = YES;
				CLANG_WARN_OBJC_ROOT_CLASS = YES_ERROR;
				CLANG_WARN_UNREACHABLE_CODE = YES;
				CLANG_WARN__DUPLICATE_METHOD_MATCH = YES;
				"CODE_SIGN_IDENTITY[sdk=iphoneos*]" = "iPhone Developer";
				COPY_PHASE_STRIP = NO;
				ENABLE_STRICT_OBJC_MSGSEND = YES;
				GCC_C_LANGUAGE_STANDARD = gnu99;
				GCC_DYNAMIC_NO_PIC = NO;
				GCC_OPTIMIZATION_LEVEL = 0;
				GCC_PREPROCESSOR_DEFINITIONS = (
					"DEBUG=1",
					"$(inherited)",
				);
				GCC_SYMBOLS_PRIVATE_EXTERN = NO;
				GCC_WARN_64_TO_32_BIT_CONVERSION = YES;
				GCC_WARN_ABOUT_RETURN_TYPE = YES_ERROR;
				GCC_WARN_UNDECLARED_SELECTOR = YES;
				GCC_WARN_UNINITIALIZED_AUTOS = YES_AGGRESSIVE;
				GCC_WARN_UNUSED_FUNCTION = YES;
				GCC_WARN_UNUSED_VARIABLE = YES;
				IPHONEOS_DEPLOYMENT_TARGET = 8.1;
				MTL_ENABLE_DEBUG_INFO = YES;
				ONLY_ACTIVE_ARCH = YES;
				SDKROOT = iphoneos;
			};
			name = Debug;
		};
		398DDFEF1A80C63D0019BB12 /* Release */ = {
			isa = XCBuildConfiguration;
			buildSettings = {
				ALWAYS_SEARCH_USER_PATHS = NO;
				CLANG_CXX_LANGUAGE_STANDARD = "gnu++0x";
				CLANG_CXX_LIBRARY = "libc++";
				CLANG_ENABLE_MODULES = YES;
				CLANG_ENABLE_OBJC_ARC = YES;
				CLANG_WARN_BOOL_CONVERSION = YES;
				CLANG_WARN_CONSTANT_CONVERSION = YES;
				CLANG_WARN_DIRECT_OBJC_ISA_USAGE = YES_ERROR;
				CLANG_WARN_EMPTY_BODY = YES;
				CLANG_WARN_ENUM_CONVERSION = YES;
				CLANG_WARN_INT_CONVERSION = YES;
				CLANG_WARN_OBJC_ROOT_CLASS = YES_ERROR;
				CLANG_WARN_UNREACHABLE_CODE = YES;
				CLANG_WARN__DUPLICATE_METHOD_MATCH = YES;
				"CODE_SIGN_IDENTITY[sdk=iphoneos*]" = "iPhone Developer";
				COPY_PHASE_STRIP = YES;
				ENABLE_NS_ASSERTIONS = NO;
				ENABLE_STRICT_OBJC_MSGSEND = YES;
				GCC_C_LANGUAGE_STANDARD = gnu99;
				GCC_WARN_64_TO_32_BIT_CONVERSION = YES;
				GCC_WARN_ABOUT_RETURN_TYPE = YES_ERROR;
				GCC_WARN_UNDECLARED_SELECTOR = YES;
				GCC_WARN_UNINITIALIZED_AUTOS = YES_AGGRESSIVE;
				GCC_WARN_UNUSED_FUNCTION = YES;
				GCC_WARN_UNUSED_VARIABLE = YES;
				IPHONEOS_DEPLOYMENT_TARGET = 8.1;
				MTL_ENABLE_DEBUG_INFO = NO;
				SDKROOT = iphoneos;
				VALIDATE_PRODUCT = YES;
			};
			name = Release;
		};
		398DDFF11A80C63D0019BB12 /* Debug */ = {
			isa = XCBuildConfiguration;
			buildSettings = {
				ASSETCATALOG_COMPILER_APPICON_NAME = AppIcon;
				CLANG_CXX_LIBRARY = "libc++";
				CODE_SIGN_IDENTITY = "iPhone Developer";
				"CODE_SIGN_IDENTITY[sdk=iphoneos*]" = "iPhone Developer";
				INFOPLIST_FILE = SLFarseer_iOS/Info.plist;
				LD_RUNPATH_SEARCH_PATHS = "$(inherited) @executable_path/Frameworks";
				OTHER_LDFLAGS = "-lstdc++";
				PRODUCT_NAME = "$(TARGET_NAME)";
				PROVISIONING_PROFILE = "";
				SWIFT_OBJC_BRIDGING_HEADER = "SLFarseer_iOS/SLFarseer_iOS-Bridging-Header.h";
				TARGETED_DEVICE_FAMILY = "1,2";
			};
			name = Debug;
		};
		398DDFF21A80C63D0019BB12 /* Release */ = {
			isa = XCBuildConfiguration;
			buildSettings = {
				ASSETCATALOG_COMPILER_APPICON_NAME = AppIcon;
				CLANG_CXX_LIBRARY = "libc++";
				CODE_SIGN_IDENTITY = "iPhone Developer";
				"CODE_SIGN_IDENTITY[sdk=iphoneos*]" = "iPhone Developer";
				INFOPLIST_FILE = SLFarseer_iOS/Info.plist;
				LD_RUNPATH_SEARCH_PATHS = "$(inherited) @executable_path/Frameworks";
				OTHER_LDFLAGS = "-lstdc++";
				PRODUCT_NAME = "$(TARGET_NAME)";
				PROVISIONING_PROFILE = "";
				SWIFT_OBJC_BRIDGING_HEADER = "SLFarseer_iOS/SLFarseer_iOS-Bridging-Header.h";
				TARGETED_DEVICE_FAMILY = "1,2";
			};
			name = Release;
		};
		398DDFF41A80C63D0019BB12 /* Debug */ = {
			isa = XCBuildConfiguration;
			buildSettings = {
				BUNDLE_LOADER = "$(TEST_HOST)";
				FRAMEWORK_SEARCH_PATHS = (
					"$(SDKROOT)/Developer/Library/Frameworks",
					"$(inherited)",
				);
				GCC_PREPROCESSOR_DEFINITIONS = (
					"DEBUG=1",
					"$(inherited)",
				);
				INFOPLIST_FILE = SLFarseer_iOSTests/Info.plist;
				LD_RUNPATH_SEARCH_PATHS = "$(inherited) @executable_path/Frameworks @loader_path/Frameworks";
				PRODUCT_NAME = "$(TARGET_NAME)";
				TEST_HOST = "$(BUILT_PRODUCTS_DIR)/SLFarseer_iOS.app/SLFarseer_iOS";
			};
			name = Debug;
		};
		398DDFF51A80C63D0019BB12 /* Release */ = {
			isa = XCBuildConfiguration;
			buildSettings = {
				BUNDLE_LOADER = "$(TEST_HOST)";
				FRAMEWORK_SEARCH_PATHS = (
					"$(SDKROOT)/Developer/Library/Frameworks",
					"$(inherited)",
				);
				INFOPLIST_FILE = SLFarseer_iOSTests/Info.plist;
				LD_RUNPATH_SEARCH_PATHS = "$(inherited) @executable_path/Frameworks @loader_path/Frameworks";
				PRODUCT_NAME = "$(TARGET_NAME)";
				TEST_HOST = "$(BUILT_PRODUCTS_DIR)/SLFarseer_iOS.app/SLFarseer_iOS";
			};
			name = Release;
		};
		39D035271AB9A4A700132F0F /* Debug */ = {
			isa = XCBuildConfiguration;
			buildSettings = {
				CODE_SIGN_IDENTITY = "iPhone Developer";
				"CODE_SIGN_IDENTITY[sdk=iphoneos*]" = "iPhone Developer";
				CURRENT_PROJECT_VERSION = 1;
				DEFINES_MODULE = YES;
				DYLIB_COMPATIBILITY_VERSION = 1;
				DYLIB_CURRENT_VERSION = 1;
				DYLIB_INSTALL_NAME_BASE = "@rpath";
				GCC_PREPROCESSOR_DEFINITIONS = (
					"DEBUG=1",
					"$(inherited)",
				);
				INFOPLIST_FILE = Farseer_Remote_iOS/Info.plist;
				INSTALL_PATH = "$(LOCAL_LIBRARY_DIR)/Frameworks";
				IPHONEOS_DEPLOYMENT_TARGET = 8.2;
				LD_RUNPATH_SEARCH_PATHS = "$(inherited) @executable_path/Frameworks @loader_path/Frameworks";
				PRODUCT_NAME = "$(TARGET_NAME)";
				SKIP_INSTALL = YES;
				TARGETED_DEVICE_FAMILY = "1,2";
				VERSIONING_SYSTEM = "apple-generic";
				VERSION_INFO_PREFIX = "";
			};
			name = Debug;
		};
		39D035281AB9A4A700132F0F /* Release */ = {
			isa = XCBuildConfiguration;
			buildSettings = {
				CODE_SIGN_IDENTITY = "iPhone Developer";
				"CODE_SIGN_IDENTITY[sdk=iphoneos*]" = "iPhone Developer";
				COPY_PHASE_STRIP = NO;
				CURRENT_PROJECT_VERSION = 1;
				DEFINES_MODULE = YES;
				DYLIB_COMPATIBILITY_VERSION = 1;
				DYLIB_CURRENT_VERSION = 1;
				DYLIB_INSTALL_NAME_BASE = "@rpath";
				INFOPLIST_FILE = Farseer_Remote_iOS/Info.plist;
				INSTALL_PATH = "$(LOCAL_LIBRARY_DIR)/Frameworks";
				IPHONEOS_DEPLOYMENT_TARGET = 8.2;
				LD_RUNPATH_SEARCH_PATHS = "$(inherited) @executable_path/Frameworks @loader_path/Frameworks";
				PRODUCT_NAME = "$(TARGET_NAME)";
				SKIP_INSTALL = YES;
				TARGETED_DEVICE_FAMILY = "1,2";
				VERSIONING_SYSTEM = "apple-generic";
				VERSION_INFO_PREFIX = "";
			};
			name = Release;
		};
		39D0352A1AB9A4A700132F0F /* Debug */ = {
			isa = XCBuildConfiguration;
			buildSettings = {
				FRAMEWORK_SEARCH_PATHS = (
					"$(SDKROOT)/Developer/Library/Frameworks",
					"$(inherited)",
				);
				GCC_PREPROCESSOR_DEFINITIONS = (
					"DEBUG=1",
					"$(inherited)",
				);
				INFOPLIST_FILE = Farseer_Remote_iOSTests/Info.plist;
				IPHONEOS_DEPLOYMENT_TARGET = 8.2;
				LD_RUNPATH_SEARCH_PATHS = "$(inherited) @executable_path/Frameworks @loader_path/Frameworks";
				PRODUCT_NAME = "$(TARGET_NAME)";
				TEST_HOST = "$(BUILT_PRODUCTS_DIR)/SLFarseer_iOS.app/SLFarseer_iOS";
			};
			name = Debug;
		};
		39D0352B1AB9A4A700132F0F /* Release */ = {
			isa = XCBuildConfiguration;
			buildSettings = {
				COPY_PHASE_STRIP = NO;
				FRAMEWORK_SEARCH_PATHS = (
					"$(SDKROOT)/Developer/Library/Frameworks",
					"$(inherited)",
				);
				INFOPLIST_FILE = Farseer_Remote_iOSTests/Info.plist;
				IPHONEOS_DEPLOYMENT_TARGET = 8.2;
				LD_RUNPATH_SEARCH_PATHS = "$(inherited) @executable_path/Frameworks @loader_path/Frameworks";
				PRODUCT_NAME = "$(TARGET_NAME)";
				TEST_HOST = "$(BUILT_PRODUCTS_DIR)/SLFarseer_iOS.app/SLFarseer_iOS";
			};
			name = Release;
		};
/* End XCBuildConfiguration section */

/* Begin XCConfigurationList section */
		39193C441AB9969800617804 /* Build configuration list for PBXNativeTarget "Farseer_iOS" */ = {
			isa = XCConfigurationList;
			buildConfigurations = (
				39193C451AB9969800617804 /* Debug */,
				39193C461AB9969800617804 /* Release */,
			);
			defaultConfigurationIsVisible = 0;
			defaultConfigurationName = Release;
		};
		39193C471AB9969800617804 /* Build configuration list for PBXNativeTarget "Farseer_iOSTests" */ = {
			isa = XCConfigurationList;
			buildConfigurations = (
				39193C481AB9969800617804 /* Debug */,
				39193C491AB9969800617804 /* Release */,
			);
			defaultConfigurationIsVisible = 0;
			defaultConfigurationName = Release;
		};
		398DDFC51A80C63D0019BB12 /* Build configuration list for PBXProject "SLFarseer_iOS" */ = {
			isa = XCConfigurationList;
			buildConfigurations = (
				398DDFEE1A80C63D0019BB12 /* Debug */,
				398DDFEF1A80C63D0019BB12 /* Release */,
			);
			defaultConfigurationIsVisible = 0;
			defaultConfigurationName = Release;
		};
		398DDFF01A80C63D0019BB12 /* Build configuration list for PBXNativeTarget "SLFarseer_iOS" */ = {
			isa = XCConfigurationList;
			buildConfigurations = (
				398DDFF11A80C63D0019BB12 /* Debug */,
				398DDFF21A80C63D0019BB12 /* Release */,
			);
			defaultConfigurationIsVisible = 0;
			defaultConfigurationName = Release;
		};
		398DDFF31A80C63D0019BB12 /* Build configuration list for PBXNativeTarget "SLFarseer_iOSTests" */ = {
			isa = XCConfigurationList;
			buildConfigurations = (
				398DDFF41A80C63D0019BB12 /* Debug */,
				398DDFF51A80C63D0019BB12 /* Release */,
			);
			defaultConfigurationIsVisible = 0;
			defaultConfigurationName = Release;
		};
		39D035261AB9A4A700132F0F /* Build configuration list for PBXNativeTarget "Farseer_Remote_iOS" */ = {
			isa = XCConfigurationList;
			buildConfigurations = (
				39D035271AB9A4A700132F0F /* Debug */,
				39D035281AB9A4A700132F0F /* Release */,
			);
			defaultConfigurationIsVisible = 0;
			defaultConfigurationName = Release;
		};
		39D035291AB9A4A700132F0F /* Build configuration list for PBXNativeTarget "Farseer_Remote_iOSTests" */ = {
			isa = XCConfigurationList;
			buildConfigurations = (
				39D0352A1AB9A4A700132F0F /* Debug */,
				39D0352B1AB9A4A700132F0F /* Release */,
			);
			defaultConfigurationIsVisible = 0;
			defaultConfigurationName = Release;
		};
/* End XCConfigurationList section */
	};
	rootObject = 398DDFC21A80C63D0019BB12 /* Project object */;
}
