// !$*UTF8*$!
{
	archiveVersion = 1;
	classes = {
	};
	objectVersion = 46;
	objects = {

/* Begin PBXBuildFile section */
		392A9CE61A9C521B00F3C8F8 /* FSBLESyncLogPacker.m in Sources */ = {isa = PBXBuildFile; fileRef = 392A9CE51A9C521B00F3C8F8 /* FSBLESyncLogPacker.m */; };
		392B86D71A9B4E4D00B9F32A /* FSBLEUtilities.mm in Sources */ = {isa = PBXBuildFile; fileRef = 392B86D41A9B4E4D00B9F32A /* FSBLEUtilities.mm */; };
		392B86D81A9B4E4D00B9F32A /* FSPackageIn.mm in Sources */ = {isa = PBXBuildFile; fileRef = 392B86D61A9B4E4D00B9F32A /* FSPackageIn.mm */; };
		392B86DE1A9B4E5A00B9F32A /* FSInitBLEPacker.m in Sources */ = {isa = PBXBuildFile; fileRef = 392B86DA1A9B4E5A00B9F32A /* FSInitBLEPacker.m */; };
		392B86DF1A9B4E5A00B9F32A /* FSPackerFactory.m in Sources */ = {isa = PBXBuildFile; fileRef = 392B86DC1A9B4E5A00B9F32A /* FSPackerFactory.m */; };
		392B86E41A9B4E6800B9F32A /* FSBLEPerpheralService.m in Sources */ = {isa = PBXBuildFile; fileRef = 392B86E11A9B4E6800B9F32A /* FSBLEPerpheralService.m */; };
		392B86E51A9B4E6800B9F32A /* FSPerpheralClient.m in Sources */ = {isa = PBXBuildFile; fileRef = 392B86E31A9B4E6800B9F32A /* FSPerpheralClient.m */; };
		392B86EA1A9B4E7200B9F32A /* FSBLECenteralService.m in Sources */ = {isa = PBXBuildFile; fileRef = 392B86E71A9B4E7200B9F32A /* FSBLECenteralService.m */; };
		392B86EB1A9B4E7200B9F32A /* FSCentralClient.m in Sources */ = {isa = PBXBuildFile; fileRef = 392B86E91A9B4E7200B9F32A /* FSCentralClient.m */; };
		398DDFD01A80C63D0019BB12 /* main.m in Sources */ = {isa = PBXBuildFile; fileRef = 398DDFCF1A80C63D0019BB12 /* main.m */; };
		398DDFD31A80C63D0019BB12 /* AppDelegate.m in Sources */ = {isa = PBXBuildFile; fileRef = 398DDFD21A80C63D0019BB12 /* AppDelegate.m */; };
		398DDFDC1A80C63D0019BB12 /* Main.storyboard in Resources */ = {isa = PBXBuildFile; fileRef = 398DDFDA1A80C63D0019BB12 /* Main.storyboard */; };
		398DDFDE1A80C63D0019BB12 /* Images.xcassets in Resources */ = {isa = PBXBuildFile; fileRef = 398DDFDD1A80C63D0019BB12 /* Images.xcassets */; };
		398DDFE11A80C63D0019BB12 /* LaunchScreen.xib in Resources */ = {isa = PBXBuildFile; fileRef = 398DDFDF1A80C63D0019BB12 /* LaunchScreen.xib */; };
		398DDFED1A80C63D0019BB12 /* SLFarseer_iOSTests.m in Sources */ = {isa = PBXBuildFile; fileRef = 398DDFEC1A80C63D0019BB12 /* SLFarseer_iOSTests.m */; };
		398DE0181A80C7760019BB12 /* FSDebugCentral.m in Sources */ = {isa = PBXBuildFile; fileRef = 398DE0121A80C7760019BB12 /* FSDebugCentral.m */; };
		398DE0191A80C7760019BB12 /* FSLog.m in Sources */ = {isa = PBXBuildFile; fileRef = 398DE0141A80C7760019BB12 /* FSLog.m */; };
		398DE01A1A80C7760019BB12 /* FSLogManager.m in Sources */ = {isa = PBXBuildFile; fileRef = 398DE0161A80C7760019BB12 /* FSLogManager.m */; };
		398DE01D1A80C7B80019BB12 /* SwiftViewController.swift in Sources */ = {isa = PBXBuildFile; fileRef = 398DE01C1A80C7B80019BB12 /* SwiftViewController.swift */; };
		398DE0201A80C7F10019BB12 /* OCViewController.m in Sources */ = {isa = PBXBuildFile; fileRef = 398DE01F1A80C7F10019BB12 /* OCViewController.m */; };
/* End PBXBuildFile section */

/* Begin PBXContainerItemProxy section */
		398DDFE71A80C63D0019BB12 /* PBXContainerItemProxy */ = {
			isa = PBXContainerItemProxy;
			containerPortal = 398DDFC21A80C63D0019BB12 /* Project object */;
			proxyType = 1;
			remoteGlobalIDString = 398DDFC91A80C63D0019BB12;
			remoteInfo = SLFarseer_iOS;
		};
/* End PBXContainerItemProxy section */

/* Begin PBXFileReference section */
		392A9CE41A9C521B00F3C8F8 /* FSBLESyncLogPacker.h */ = {isa = PBXFileReference; fileEncoding = 4; lastKnownFileType = sourcecode.c.h; path = FSBLESyncLogPacker.h; sourceTree = "<group>"; };
		392A9CE51A9C521B00F3C8F8 /* FSBLESyncLogPacker.m */ = {isa = PBXFileReference; fileEncoding = 4; lastKnownFileType = sourcecode.c.objc; path = FSBLESyncLogPacker.m; sourceTree = "<group>"; };
		392B86D21A9B4E4D00B9F32A /* FSBLEDefine.h */ = {isa = PBXFileReference; fileEncoding = 4; lastKnownFileType = sourcecode.c.h; name = FSBLEDefine.h; path = ../../../SLFarseer/FSBLEClient/Component/FSBLEDefine.h; sourceTree = "<group>"; };
		392B86D31A9B4E4D00B9F32A /* FSBLEUtilities.h */ = {isa = PBXFileReference; fileEncoding = 4; lastKnownFileType = sourcecode.c.h; name = FSBLEUtilities.h; path = ../../../SLFarseer/FSBLEClient/Component/FSBLEUtilities.h; sourceTree = "<group>"; };
		392B86D41A9B4E4D00B9F32A /* FSBLEUtilities.mm */ = {isa = PBXFileReference; fileEncoding = 4; lastKnownFileType = sourcecode.cpp.objcpp; name = FSBLEUtilities.mm; path = ../../../SLFarseer/FSBLEClient/Component/FSBLEUtilities.mm; sourceTree = "<group>"; };
		392B86D51A9B4E4D00B9F32A /* FSPackageIn.h */ = {isa = PBXFileReference; fileEncoding = 4; lastKnownFileType = sourcecode.c.h; name = FSPackageIn.h; path = ../../../SLFarseer/FSBLEClient/Component/FSPackageIn.h; sourceTree = "<group>"; };
		392B86D61A9B4E4D00B9F32A /* FSPackageIn.mm */ = {isa = PBXFileReference; fileEncoding = 4; lastKnownFileType = sourcecode.cpp.objcpp; name = FSPackageIn.mm; path = ../../../SLFarseer/FSBLEClient/Component/FSPackageIn.mm; sourceTree = "<group>"; };
		392B86D91A9B4E5A00B9F32A /* FSInitBLEPacker.h */ = {isa = PBXFileReference; fileEncoding = 4; lastKnownFileType = sourcecode.c.h; name = FSInitBLEPacker.h; path = ../../../../../SLFarseer/FSBLEClient/Component/Protocol/FSInitBLEPacker.h; sourceTree = "<group>"; };
		392B86DA1A9B4E5A00B9F32A /* FSInitBLEPacker.m */ = {isa = PBXFileReference; fileEncoding = 4; lastKnownFileType = sourcecode.c.objc; name = FSInitBLEPacker.m; path = ../../../../../SLFarseer/FSBLEClient/Component/Protocol/FSInitBLEPacker.m; sourceTree = "<group>"; };
		392B86DB1A9B4E5A00B9F32A /* FSPackerFactory.h */ = {isa = PBXFileReference; fileEncoding = 4; lastKnownFileType = sourcecode.c.h; name = FSPackerFactory.h; path = ../../../../../SLFarseer/FSBLEClient/Component/Protocol/FSPackerFactory.h; sourceTree = "<group>"; };
		392B86DC1A9B4E5A00B9F32A /* FSPackerFactory.m */ = {isa = PBXFileReference; fileEncoding = 4; lastKnownFileType = sourcecode.c.objc; name = FSPackerFactory.m; path = ../../../../../SLFarseer/FSBLEClient/Component/Protocol/FSPackerFactory.m; sourceTree = "<group>"; };
		392B86DD1A9B4E5A00B9F32A /* FSPackerProtocol.h */ = {isa = PBXFileReference; fileEncoding = 4; lastKnownFileType = sourcecode.c.h; name = FSPackerProtocol.h; path = ../../../../../SLFarseer/FSBLEClient/Component/Protocol/FSPackerProtocol.h; sourceTree = "<group>"; };
		392B86E01A9B4E6800B9F32A /* FSBLEPerpheralService.h */ = {isa = PBXFileReference; fileEncoding = 4; lastKnownFileType = sourcecode.c.h; name = FSBLEPerpheralService.h; path = ../../../../SLFarseer/FSBLEClient/FSBLEPerpheral/FSBLEPerpheralService.h; sourceTree = "<group>"; };
		392B86E11A9B4E6800B9F32A /* FSBLEPerpheralService.m */ = {isa = PBXFileReference; fileEncoding = 4; lastKnownFileType = sourcecode.c.objc; name = FSBLEPerpheralService.m; path = ../../../../SLFarseer/FSBLEClient/FSBLEPerpheral/FSBLEPerpheralService.m; sourceTree = "<group>"; };
		392B86E21A9B4E6800B9F32A /* FSPerpheralClient.h */ = {isa = PBXFileReference; fileEncoding = 4; lastKnownFileType = sourcecode.c.h; name = FSPerpheralClient.h; path = ../../../../SLFarseer/FSBLEClient/FSBLEPerpheral/FSPerpheralClient.h; sourceTree = "<group>"; };
		392B86E31A9B4E6800B9F32A /* FSPerpheralClient.m */ = {isa = PBXFileReference; fileEncoding = 4; lastKnownFileType = sourcecode.c.objc; name = FSPerpheralClient.m; path = ../../../../SLFarseer/FSBLEClient/FSBLEPerpheral/FSPerpheralClient.m; sourceTree = "<group>"; };
		392B86E61A9B4E7200B9F32A /* FSBLECenteralService.h */ = {isa = PBXFileReference; fileEncoding = 4; lastKnownFileType = sourcecode.c.h; name = FSBLECenteralService.h; path = ../../../SLFarseer/FSBLEClient/FSBLECentral/FSBLECenteralService.h; sourceTree = "<group>"; };
		392B86E71A9B4E7200B9F32A /* FSBLECenteralService.m */ = {isa = PBXFileReference; fileEncoding = 4; lastKnownFileType = sourcecode.c.objc; name = FSBLECenteralService.m; path = ../../../SLFarseer/FSBLEClient/FSBLECentral/FSBLECenteralService.m; sourceTree = "<group>"; };
		392B86E81A9B4E7200B9F32A /* FSCentralClient.h */ = {isa = PBXFileReference; fileEncoding = 4; lastKnownFileType = sourcecode.c.h; name = FSCentralClient.h; path = ../../../SLFarseer/FSBLEClient/FSBLECentral/FSCentralClient.h; sourceTree = "<group>"; };
		392B86E91A9B4E7200B9F32A /* FSCentralClient.m */ = {isa = PBXFileReference; fileEncoding = 4; lastKnownFileType = sourcecode.c.objc; name = FSCentralClient.m; path = ../../../SLFarseer/FSBLEClient/FSBLECentral/FSCentralClient.m; sourceTree = "<group>"; };
		398DDFCA1A80C63D0019BB12 /* SLFarseer_iOS.app */ = {isa = PBXFileReference; explicitFileType = wrapper.application; includeInIndex = 0; path = SLFarseer_iOS.app; sourceTree = BUILT_PRODUCTS_DIR; };
		398DDFCE1A80C63D0019BB12 /* Info.plist */ = {isa = PBXFileReference; lastKnownFileType = text.plist.xml; path = Info.plist; sourceTree = "<group>"; };
		398DDFCF1A80C63D0019BB12 /* main.m */ = {isa = PBXFileReference; lastKnownFileType = sourcecode.c.objc; path = main.m; sourceTree = "<group>"; };
		398DDFD11A80C63D0019BB12 /* AppDelegate.h */ = {isa = PBXFileReference; lastKnownFileType = sourcecode.c.h; path = AppDelegate.h; sourceTree = "<group>"; };
		398DDFD21A80C63D0019BB12 /* AppDelegate.m */ = {isa = PBXFileReference; lastKnownFileType = sourcecode.c.objc; path = AppDelegate.m; sourceTree = "<group>"; };
		398DDFDB1A80C63D0019BB12 /* Base */ = {isa = PBXFileReference; lastKnownFileType = file.storyboard; name = Base; path = Base.lproj/Main.storyboard; sourceTree = "<group>"; };
		398DDFDD1A80C63D0019BB12 /* Images.xcassets */ = {isa = PBXFileReference; lastKnownFileType = folder.assetcatalog; path = Images.xcassets; sourceTree = "<group>"; };
		398DDFE01A80C63D0019BB12 /* Base */ = {isa = PBXFileReference; lastKnownFileType = file.xib; name = Base; path = Base.lproj/LaunchScreen.xib; sourceTree = "<group>"; };
		398DDFE61A80C63D0019BB12 /* SLFarseer_iOSTests.xctest */ = {isa = PBXFileReference; explicitFileType = wrapper.cfbundle; includeInIndex = 0; path = SLFarseer_iOSTests.xctest; sourceTree = BUILT_PRODUCTS_DIR; };
		398DDFEB1A80C63D0019BB12 /* Info.plist */ = {isa = PBXFileReference; lastKnownFileType = text.plist.xml; path = Info.plist; sourceTree = "<group>"; };
		398DDFEC1A80C63D0019BB12 /* SLFarseer_iOSTests.m */ = {isa = PBXFileReference; lastKnownFileType = sourcecode.c.objc; path = SLFarseer_iOSTests.m; sourceTree = "<group>"; };
		398DE0111A80C7760019BB12 /* FSDebugCentral.h */ = {isa = PBXFileReference; fileEncoding = 4; lastKnownFileType = sourcecode.c.h; path = FSDebugCentral.h; sourceTree = "<group>"; };
		398DE0121A80C7760019BB12 /* FSDebugCentral.m */ = {isa = PBXFileReference; fileEncoding = 4; lastKnownFileType = sourcecode.c.objc; path = FSDebugCentral.m; sourceTree = "<group>"; };
		398DE0131A80C7760019BB12 /* FSLog.h */ = {isa = PBXFileReference; fileEncoding = 4; lastKnownFileType = sourcecode.c.h; path = FSLog.h; sourceTree = "<group>"; };
		398DE0141A80C7760019BB12 /* FSLog.m */ = {isa = PBXFileReference; fileEncoding = 4; lastKnownFileType = sourcecode.c.objc; path = FSLog.m; sourceTree = "<group>"; };
		398DE0151A80C7760019BB12 /* FSLogManager.h */ = {isa = PBXFileReference; fileEncoding = 4; lastKnownFileType = sourcecode.c.h; path = FSLogManager.h; sourceTree = "<group>"; };
		398DE0161A80C7760019BB12 /* FSLogManager.m */ = {isa = PBXFileReference; fileEncoding = 4; lastKnownFileType = sourcecode.c.objc; path = FSLogManager.m; sourceTree = "<group>"; };
		398DE01C1A80C7B80019BB12 /* SwiftViewController.swift */ = {isa = PBXFileReference; fileEncoding = 4; lastKnownFileType = sourcecode.swift; path = SwiftViewController.swift; sourceTree = "<group>"; };
		398DE01E1A80C7F10019BB12 /* OCViewController.h */ = {isa = PBXFileReference; fileEncoding = 4; lastKnownFileType = sourcecode.c.h; path = OCViewController.h; sourceTree = "<group>"; };
		398DE01F1A80C7F10019BB12 /* OCViewController.m */ = {isa = PBXFileReference; fileEncoding = 4; lastKnownFileType = sourcecode.c.objc; path = OCViewController.m; sourceTree = "<group>"; };
		398DE0221A80C8CE0019BB12 /* SLFarseer_iOS-Bridging-Header.h */ = {isa = PBXFileReference; lastKnownFileType = sourcecode.c.h; path = "SLFarseer_iOS-Bridging-Header.h"; sourceTree = "<group>"; };
/* End PBXFileReference section */

/* Begin PBXFrameworksBuildPhase section */
		398DDFC71A80C63D0019BB12 /* Frameworks */ = {
			isa = PBXFrameworksBuildPhase;
			buildActionMask = 2147483647;
			files = (
			);
			runOnlyForDeploymentPostprocessing = 0;
		};
		398DDFE31A80C63D0019BB12 /* Frameworks */ = {
			isa = PBXFrameworksBuildPhase;
			buildActionMask = 2147483647;
			files = (
			);
			runOnlyForDeploymentPostprocessing = 0;
		};
/* End PBXFrameworksBuildPhase section */

/* Begin PBXGroup section */
		39428A981A9B4C6300C48E9A /* FSBLECentral */ = {
			isa = PBXGroup;
			children = (
				392B86E61A9B4E7200B9F32A /* FSBLECenteralService.h */,
				392B86E71A9B4E7200B9F32A /* FSBLECenteralService.m */,
				392B86E81A9B4E7200B9F32A /* FSCentralClient.h */,
				392B86E91A9B4E7200B9F32A /* FSCentralClient.m */,
			);
			name = FSBLECentral;
			sourceTree = "<group>";
		};
		39428A9C1A9B4CA700C48E9A /* Component */ = {
			isa = PBXGroup;
			children = (
				392B86D21A9B4E4D00B9F32A /* FSBLEDefine.h */,
				392B86D31A9B4E4D00B9F32A /* FSBLEUtilities.h */,
				392B86D41A9B4E4D00B9F32A /* FSBLEUtilities.mm */,
				392B86D51A9B4E4D00B9F32A /* FSPackageIn.h */,
				392B86D61A9B4E4D00B9F32A /* FSPackageIn.mm */,
				39436F1E1A9AB419006B0E70 /* Protocol */,
			);
			name = Component;
			sourceTree = "<group>";
		};
		39436F131A9AB419006B0E70 /* SLBluetoothService */ = {
			isa = PBXGroup;
			children = (
				39428A9C1A9B4CA700C48E9A /* Component */,
				39436F161A9AB419006B0E70 /* FSBLEPerpheral */,
				39428A981A9B4C6300C48E9A /* FSBLECentral */,
			);
			name = SLBluetoothService;
			path = ../SLFarseer_Mac/SLFarseer_Mac/SLBluetoothService;
			sourceTree = "<group>";
		};
		39436F161A9AB419006B0E70 /* FSBLEPerpheral */ = {
			isa = PBXGroup;
			children = (
				392B86E01A9B4E6800B9F32A /* FSBLEPerpheralService.h */,
				392B86E11A9B4E6800B9F32A /* FSBLEPerpheralService.m */,
				392B86E21A9B4E6800B9F32A /* FSPerpheralClient.h */,
				392B86E31A9B4E6800B9F32A /* FSPerpheralClient.m */,
			);
			name = FSBLEPerpheral;
			path = FSBLEPerpheralCentral;
			sourceTree = "<group>";
		};
		39436F1E1A9AB419006B0E70 /* Protocol */ = {
			isa = PBXGroup;
			children = (
				392B86D91A9B4E5A00B9F32A /* FSInitBLEPacker.h */,
				392B86DA1A9B4E5A00B9F32A /* FSInitBLEPacker.m */,
				392A9CE41A9C521B00F3C8F8 /* FSBLESyncLogPacker.h */,
				392A9CE51A9C521B00F3C8F8 /* FSBLESyncLogPacker.m */,
				392B86DB1A9B4E5A00B9F32A /* FSPackerFactory.h */,
				392B86DC1A9B4E5A00B9F32A /* FSPackerFactory.m */,
				392B86DD1A9B4E5A00B9F32A /* FSPackerProtocol.h */,
			);
			name = Protocol;
			path = FSBLEPerpheralCentral/Protocol;
			sourceTree = "<group>";
		};
		398DDFC11A80C63D0019BB12 = {
			isa = PBXGroup;
			children = (
				398DDFCC1A80C63D0019BB12 /* SLFarseer_iOS */,
				398DDFE91A80C63D0019BB12 /* SLFarseer_iOSTests */,
				398DDFCB1A80C63D0019BB12 /* Products */,
			);
			sourceTree = "<group>";
		};
		398DDFCB1A80C63D0019BB12 /* Products */ = {
			isa = PBXGroup;
			children = (
				398DDFCA1A80C63D0019BB12 /* SLFarseer_iOS.app */,
				398DDFE61A80C63D0019BB12 /* SLFarseer_iOSTests.xctest */,
			);
			name = Products;
			sourceTree = "<group>";
		};
		398DDFCC1A80C63D0019BB12 /* SLFarseer_iOS */ = {
			isa = PBXGroup;
			children = (
				398DE0101A80C7760019BB12 /* SLFarseer */,
				398DDFD11A80C63D0019BB12 /* AppDelegate.h */,
				398DDFD21A80C63D0019BB12 /* AppDelegate.m */,
				398DE01E1A80C7F10019BB12 /* OCViewController.h */,
				398DE01F1A80C7F10019BB12 /* OCViewController.m */,
				398DE01C1A80C7B80019BB12 /* SwiftViewController.swift */,
				398DDFDA1A80C63D0019BB12 /* Main.storyboard */,
				398DDFDD1A80C63D0019BB12 /* Images.xcassets */,
				398DDFDF1A80C63D0019BB12 /* LaunchScreen.xib */,
				398DDFCD1A80C63D0019BB12 /* Supporting Files */,
			);
			path = SLFarseer_iOS;
			sourceTree = "<group>";
		};
		398DDFCD1A80C63D0019BB12 /* Supporting Files */ = {
			isa = PBXGroup;
			children = (
				398DE0221A80C8CE0019BB12 /* SLFarseer_iOS-Bridging-Header.h */,
				398DDFCE1A80C63D0019BB12 /* Info.plist */,
				398DDFCF1A80C63D0019BB12 /* main.m */,
			);
			name = "Supporting Files";
			sourceTree = "<group>";
		};
		398DDFE91A80C63D0019BB12 /* SLFarseer_iOSTests */ = {
			isa = PBXGroup;
			children = (
				398DDFEC1A80C63D0019BB12 /* SLFarseer_iOSTests.m */,
				398DDFEA1A80C63D0019BB12 /* Supporting Files */,
			);
			path = SLFarseer_iOSTests;
			sourceTree = "<group>";
		};
		398DDFEA1A80C63D0019BB12 /* Supporting Files */ = {
			isa = PBXGroup;
			children = (
				398DDFEB1A80C63D0019BB12 /* Info.plist */,
			);
			name = "Supporting Files";
			sourceTree = "<group>";
		};
		398DE0101A80C7760019BB12 /* SLFarseer */ = {
			isa = PBXGroup;
			children = (
				398DE0111A80C7760019BB12 /* FSDebugCentral.h */,
				398DE0121A80C7760019BB12 /* FSDebugCentral.m */,
				398DE0131A80C7760019BB12 /* FSLog.h */,
				398DE0141A80C7760019BB12 /* FSLog.m */,
				398DE0151A80C7760019BB12 /* FSLogManager.h */,
				398DE0161A80C7760019BB12 /* FSLogManager.m */,
				39436F131A9AB419006B0E70 /* SLBluetoothService */,
			);
			name = SLFarseer;
			path = ../../SLFarseer;
			sourceTree = "<group>";
		};
/* End PBXGroup section */

/* Begin PBXNativeTarget section */
		398DDFC91A80C63D0019BB12 /* SLFarseer_iOS */ = {
			isa = PBXNativeTarget;
			buildConfigurationList = 398DDFF01A80C63D0019BB12 /* Build configuration list for PBXNativeTarget "SLFarseer_iOS" */;
			buildPhases = (
				398DDFC61A80C63D0019BB12 /* Sources */,
				398DDFC71A80C63D0019BB12 /* Frameworks */,
				398DDFC81A80C63D0019BB12 /* Resources */,
				398DE0251A80CC660019BB12 /* ShellScript */,
			);
			buildRules = (
			);
			dependencies = (
			);
			name = SLFarseer_iOS;
			productName = SLFarseer_iOS;
			productReference = 398DDFCA1A80C63D0019BB12 /* SLFarseer_iOS.app */;
			productType = "com.apple.product-type.application";
		};
		398DDFE51A80C63D0019BB12 /* SLFarseer_iOSTests */ = {
			isa = PBXNativeTarget;
			buildConfigurationList = 398DDFF31A80C63D0019BB12 /* Build configuration list for PBXNativeTarget "SLFarseer_iOSTests" */;
			buildPhases = (
				398DDFE21A80C63D0019BB12 /* Sources */,
				398DDFE31A80C63D0019BB12 /* Frameworks */,
				398DDFE41A80C63D0019BB12 /* Resources */,
			);
			buildRules = (
			);
			dependencies = (
				398DDFE81A80C63D0019BB12 /* PBXTargetDependency */,
			);
			name = SLFarseer_iOSTests;
			productName = SLFarseer_iOSTests;
			productReference = 398DDFE61A80C63D0019BB12 /* SLFarseer_iOSTests.xctest */;
			productType = "com.apple.product-type.bundle.unit-test";
		};
/* End PBXNativeTarget section */

/* Begin PBXProject section */
		398DDFC21A80C63D0019BB12 /* Project object */ = {
			isa = PBXProject;
			attributes = {
				LastUpgradeCheck = 0610;
				ORGANIZATIONNAME = Qeekers;
				TargetAttributes = {
					398DDFC91A80C63D0019BB12 = {
						CreatedOnToolsVersion = 6.1.1;
					};
					398DDFE51A80C63D0019BB12 = {
						CreatedOnToolsVersion = 6.1.1;
						TestTargetID = 398DDFC91A80C63D0019BB12;
					};
				};
			};
			buildConfigurationList = 398DDFC51A80C63D0019BB12 /* Build configuration list for PBXProject "SLFarseer_iOS" */;
			compatibilityVersion = "Xcode 3.2";
			developmentRegion = English;
			hasScannedForEncodings = 0;
			knownRegions = (
				en,
				Base,
			);
			mainGroup = 398DDFC11A80C63D0019BB12;
			productRefGroup = 398DDFCB1A80C63D0019BB12 /* Products */;
			projectDirPath = "";
			projectRoot = "";
			targets = (
				398DDFC91A80C63D0019BB12 /* SLFarseer_iOS */,
				398DDFE51A80C63D0019BB12 /* SLFarseer_iOSTests */,
			);
		};
/* End PBXProject section */

/* Begin PBXResourcesBuildPhase section */
		398DDFC81A80C63D0019BB12 /* Resources */ = {
			isa = PBXResourcesBuildPhase;
			buildActionMask = 2147483647;
			files = (
				398DDFDC1A80C63D0019BB12 /* Main.storyboard in Resources */,
				398DDFE11A80C63D0019BB12 /* LaunchScreen.xib in Resources */,
				398DDFDE1A80C63D0019BB12 /* Images.xcassets in Resources */,
			);
			runOnlyForDeploymentPostprocessing = 0;
		};
		398DDFE41A80C63D0019BB12 /* Resources */ = {
			isa = PBXResourcesBuildPhase;
			buildActionMask = 2147483647;
			files = (
			);
			runOnlyForDeploymentPostprocessing = 0;
		};
/* End PBXResourcesBuildPhase section */

/* Begin PBXShellScriptBuildPhase section */
		398DE0251A80CC660019BB12 /* ShellScript */ = {
			isa = PBXShellScriptBuildPhase;
			buildActionMask = 2147483647;
			files = (
			);
			inputPaths = (
			);
			outputPaths = (
			);
			runOnlyForDeploymentPostprocessing = 0;
			shellPath = /bin/sh;
			shellScript = "../Script/farseer.sh -m";
		};
/* End PBXShellScriptBuildPhase section */

/* Begin PBXSourcesBuildPhase section */
		398DDFC61A80C63D0019BB12 /* Sources */ = {
			isa = PBXSourcesBuildPhase;
			buildActionMask = 2147483647;
			files = (
				392A9CE61A9C521B00F3C8F8 /* FSBLESyncLogPacker.m in Sources */,
				398DE01A1A80C7760019BB12 /* FSLogManager.m in Sources */,
				398DDFD31A80C63D0019BB12 /* AppDelegate.m in Sources */,
				392B86DF1A9B4E5A00B9F32A /* FSPackerFactory.m in Sources */,
				398DE01D1A80C7B80019BB12 /* SwiftViewController.swift in Sources */,
				392B86E51A9B4E6800B9F32A /* FSPerpheralClient.m in Sources */,
				392B86EB1A9B4E7200B9F32A /* FSCentralClient.m in Sources */,
				392B86D71A9B4E4D00B9F32A /* FSBLEUtilities.mm in Sources */,
				398DDFD01A80C63D0019BB12 /* main.m in Sources */,
				392B86E41A9B4E6800B9F32A /* FSBLEPerpheralService.m in Sources */,
				392B86D81A9B4E4D00B9F32A /* FSPackageIn.mm in Sources */,
				392B86DE1A9B4E5A00B9F32A /* FSInitBLEPacker.m in Sources */,
				398DE0201A80C7F10019BB12 /* OCViewController.m in Sources */,
				398DE0191A80C7760019BB12 /* FSLog.m in Sources */,
				392B86EA1A9B4E7200B9F32A /* FSBLECenteralService.m in Sources */,
				398DE0181A80C7760019BB12 /* FSDebugCentral.m in Sources */,
			);
			runOnlyForDeploymentPostprocessing = 0;
		};
		398DDFE21A80C63D0019BB12 /* Sources */ = {
			isa = PBXSourcesBuildPhase;
			buildActionMask = 2147483647;
			files = (
				398DDFED1A80C63D0019BB12 /* SLFarseer_iOSTests.m in Sources */,
			);
			runOnlyForDeploymentPostprocessing = 0;
		};
/* End PBXSourcesBuildPhase section */

/* Begin PBXTargetDependency section */
		398DDFE81A80C63D0019BB12 /* PBXTargetDependency */ = {
			isa = PBXTargetDependency;
			target = 398DDFC91A80C63D0019BB12 /* SLFarseer_iOS */;
			targetProxy = 398DDFE71A80C63D0019BB12 /* PBXContainerItemProxy */;
		};
/* End PBXTargetDependency section */

/* Begin PBXVariantGroup section */
		398DDFDA1A80C63D0019BB12 /* Main.storyboard */ = {
			isa = PBXVariantGroup;
			children = (
				398DDFDB1A80C63D0019BB12 /* Base */,
			);
			name = Main.storyboard;
			sourceTree = "<group>";
		};
		398DDFDF1A80C63D0019BB12 /* LaunchScreen.xib */ = {
			isa = PBXVariantGroup;
			children = (
				398DDFE01A80C63D0019BB12 /* Base */,
			);
			name = LaunchScreen.xib;
			sourceTree = "<group>";
		};
/* End PBXVariantGroup section */

/* Begin XCBuildConfiguration section */
		398DDFEE1A80C63D0019BB12 /* Debug */ = {
			isa = XCBuildConfiguration;
			buildSettings = {
				ALWAYS_SEARCH_USER_PATHS = NO;
				CLANG_CXX_LANGUAGE_STANDARD = "gnu++0x";
				CLANG_CXX_LIBRARY = "libc++";
				CLANG_ENABLE_MODULES = YES;
				CLANG_ENABLE_OBJC_ARC = YES;
				CLANG_WARN_BOOL_CONVERSION = YES;
				CLANG_WARN_CONSTANT_CONVERSION = YES;
				CLANG_WARN_DIRECT_OBJC_ISA_USAGE = YES_ERROR;
				CLANG_WARN_EMPTY_BODY = YES;
				CLANG_WARN_ENUM_CONVERSION = YES;
				CLANG_WARN_INT_CONVERSION = YES;
				CLANG_WARN_OBJC_ROOT_CLASS = YES_ERROR;
				CLANG_WARN_UNREACHABLE_CODE = YES;
				CLANG_WARN__DUPLICATE_METHOD_MATCH = YES;
				"CODE_SIGN_IDENTITY[sdk=iphoneos*]" = "iPhone Developer";
				COPY_PHASE_STRIP = NO;
				ENABLE_STRICT_OBJC_MSGSEND = YES;
				GCC_C_LANGUAGE_STANDARD = gnu99;
				GCC_DYNAMIC_NO_PIC = NO;
				GCC_OPTIMIZATION_LEVEL = 0;
				GCC_PREPROCESSOR_DEFINITIONS = (
					"DEBUG=1",
					"$(inherited)",
				);
				GCC_SYMBOLS_PRIVATE_EXTERN = NO;
				GCC_WARN_64_TO_32_BIT_CONVERSION = YES;
				GCC_WARN_ABOUT_RETURN_TYPE = YES_ERROR;
				GCC_WARN_UNDECLARED_SELECTOR = YES;
				GCC_WARN_UNINITIALIZED_AUTOS = YES_AGGRESSIVE;
				GCC_WARN_UNUSED_FUNCTION = YES;
				GCC_WARN_UNUSED_VARIABLE = YES;
				IPHONEOS_DEPLOYMENT_TARGET = 8.1;
				MTL_ENABLE_DEBUG_INFO = YES;
				ONLY_ACTIVE_ARCH = YES;
				SDKROOT = iphoneos;
			};
			name = Debug;
		};
		398DDFEF1A80C63D0019BB12 /* Release */ = {
			isa = XCBuildConfiguration;
			buildSettings = {
				ALWAYS_SEARCH_USER_PATHS = NO;
				CLANG_CXX_LANGUAGE_STANDARD = "gnu++0x";
				CLANG_CXX_LIBRARY = "libc++";
				CLANG_ENABLE_MODULES = YES;
				CLANG_ENABLE_OBJC_ARC = YES;
				CLANG_WARN_BOOL_CONVERSION = YES;
				CLANG_WARN_CONSTANT_CONVERSION = YES;
				CLANG_WARN_DIRECT_OBJC_ISA_USAGE = YES_ERROR;
				CLANG_WARN_EMPTY_BODY = YES;
				CLANG_WARN_ENUM_CONVERSION = YES;
				CLANG_WARN_INT_CONVERSION = YES;
				CLANG_WARN_OBJC_ROOT_CLASS = YES_ERROR;
				CLANG_WARN_UNREACHABLE_CODE = YES;
				CLANG_WARN__DUPLICATE_METHOD_MATCH = YES;
				"CODE_SIGN_IDENTITY[sdk=iphoneos*]" = "iPhone Developer";
				COPY_PHASE_STRIP = YES;
				ENABLE_NS_ASSERTIONS = NO;
				ENABLE_STRICT_OBJC_MSGSEND = YES;
				GCC_C_LANGUAGE_STANDARD = gnu99;
				GCC_WARN_64_TO_32_BIT_CONVERSION = YES;
				GCC_WARN_ABOUT_RETURN_TYPE = YES_ERROR;
				GCC_WARN_UNDECLARED_SELECTOR = YES;
				GCC_WARN_UNINITIALIZED_AUTOS = YES_AGGRESSIVE;
				GCC_WARN_UNUSED_FUNCTION = YES;
				GCC_WARN_UNUSED_VARIABLE = YES;
				IPHONEOS_DEPLOYMENT_TARGET = 8.1;
				MTL_ENABLE_DEBUG_INFO = NO;
				SDKROOT = iphoneos;
				VALIDATE_PRODUCT = YES;
			};
			name = Release;
		};
		398DDFF11A80C63D0019BB12 /* Debug */ = {
			isa = XCBuildConfiguration;
			buildSettings = {
				ASSETCATALOG_COMPILER_APPICON_NAME = AppIcon;
				INFOPLIST_FILE = SLFarseer_iOS/Info.plist;
				LD_RUNPATH_SEARCH_PATHS = "$(inherited) @executable_path/Frameworks";
				PRODUCT_NAME = "$(TARGET_NAME)";
				SWIFT_OBJC_BRIDGING_HEADER = "SLFarseer_iOS/SLFarseer_iOS-Bridging-Header.h";
			};
			name = Debug;
		};
		398DDFF21A80C63D0019BB12 /* Release */ = {
			isa = XCBuildConfiguration;
			buildSettings = {
				ASSETCATALOG_COMPILER_APPICON_NAME = AppIcon;
				INFOPLIST_FILE = SLFarseer_iOS/Info.plist;
				LD_RUNPATH_SEARCH_PATHS = "$(inherited) @executable_path/Frameworks";
				PRODUCT_NAME = "$(TARGET_NAME)";
				SWIFT_OBJC_BRIDGING_HEADER = "SLFarseer_iOS/SLFarseer_iOS-Bridging-Header.h";
			};
			name = Release;
		};
		398DDFF41A80C63D0019BB12 /* Debug */ = {
			isa = XCBuildConfiguration;
			buildSettings = {
				BUNDLE_LOADER = "$(TEST_HOST)";
				FRAMEWORK_SEARCH_PATHS = (
					"$(SDKROOT)/Developer/Library/Frameworks",
					"$(inherited)",
				);
				GCC_PREPROCESSOR_DEFINITIONS = (
					"DEBUG=1",
					"$(inherited)",
				);
				INFOPLIST_FILE = SLFarseer_iOSTests/Info.plist;
				LD_RUNPATH_SEARCH_PATHS = "$(inherited) @executable_path/Frameworks @loader_path/Frameworks";
				PRODUCT_NAME = "$(TARGET_NAME)";
				TEST_HOST = "$(BUILT_PRODUCTS_DIR)/SLFarseer_iOS.app/SLFarseer_iOS";
			};
			name = Debug;
		};
		398DDFF51A80C63D0019BB12 /* Release */ = {
			isa = XCBuildConfiguration;
			buildSettings = {
				BUNDLE_LOADER = "$(TEST_HOST)";
				FRAMEWORK_SEARCH_PATHS = (
					"$(SDKROOT)/Developer/Library/Frameworks",
					"$(inherited)",
				);
				INFOPLIST_FILE = SLFarseer_iOSTests/Info.plist;
				LD_RUNPATH_SEARCH_PATHS = "$(inherited) @executable_path/Frameworks @loader_path/Frameworks";
				PRODUCT_NAME = "$(TARGET_NAME)";
				TEST_HOST = "$(BUILT_PRODUCTS_DIR)/SLFarseer_iOS.app/SLFarseer_iOS";
			};
			name = Release;
		};
/* End XCBuildConfiguration section */

/* Begin XCConfigurationList section */
		398DDFC51A80C63D0019BB12 /* Build configuration list for PBXProject "SLFarseer_iOS" */ = {
			isa = XCConfigurationList;
			buildConfigurations = (
				398DDFEE1A80C63D0019BB12 /* Debug */,
				398DDFEF1A80C63D0019BB12 /* Release */,
			);
			defaultConfigurationIsVisible = 0;
			defaultConfigurationName = Release;
		};
		398DDFF01A80C63D0019BB12 /* Build configuration list for PBXNativeTarget "SLFarseer_iOS" */ = {
			isa = XCConfigurationList;
			buildConfigurations = (
				398DDFF11A80C63D0019BB12 /* Debug */,
				398DDFF21A80C63D0019BB12 /* Release */,
			);
			defaultConfigurationIsVisible = 0;
			defaultConfigurationName = Release;
		};
		398DDFF31A80C63D0019BB12 /* Build configuration list for PBXNativeTarget "SLFarseer_iOSTests" */ = {
			isa = XCConfigurationList;
			buildConfigurations = (
				398DDFF41A80C63D0019BB12 /* Debug */,
				398DDFF51A80C63D0019BB12 /* Release */,
			);
			defaultConfigurationIsVisible = 0;
			defaultConfigurationName = Release;
		};
/* End XCConfigurationList section */
	};
	rootObject = 398DDFC21A80C63D0019BB12 /* Project object */;
}
